<?xml version="1.0" encoding="utf-8"?>
<Project ToolsVersion="4.0" xmlns="http://schemas.microsoft.com/developer/msbuild/2003">
  <ItemGroup>
    <Filter Include="imgui">
      <UniqueIdentifier>{20b90ce4-7fcb-4731-b9a0-075f875de82d}</UniqueIdentifier>
    </Filter>
    <Filter Include="sources">
      <UniqueIdentifier>{f18ab499-84e1-499f-8eff-9754361e0e52}</UniqueIdentifier>
      <Extensions>cpp;c;cc;cxx;def;odl;idl;hpj;bat;asm;asmx</Extensions>
    </Filter>
    <Filter Include="headers">
      <UniqueIdentifier>{fd5c2b84-3576-48ae-bd69-50aef3e360dd}</UniqueIdentifier>
    </Filter>
    <Filter Include="shaders">
      <UniqueIdentifier>{bc77d915-ea34-4b87-a05c-219375cb07e2}</UniqueIdentifier>
    </Filter>
    <Filter Include="assets">
      <UniqueIdentifier>{a0ff60f3-4a53-4ffe-946c-9bd8770d7e17}</UniqueIdentifier>
    </Filter>
    <Filter Include="glad">
      <UniqueIdentifier>{c076ead4-8be1-43cd-b5cd-5b6d1e4e6d81}</UniqueIdentifier>
    </Filter>
    <Filter Include="textures">
      <UniqueIdentifier>{af4e1558-efb6-497b-b5aa-45c58b265b4e}</UniqueIdentifier>
    </Filter>
  </ItemGroup>
  <ItemGroup>
    <ClCompile Include="main.cpp">
      <Filter>sources</Filter>
    </ClCompile>
    <ClCompile Include="SDHRNetworking.cpp">
      <Filter>sources</Filter>
    </ClCompile>
    <ClCompile Include="SDHRManager.cpp">
      <Filter>sources</Filter>
    </ClCompile>
    <ClCompile Include="OpenGLHelper.cpp">
      <Filter>sources</Filter>
    </ClCompile>
    <ClCompile Include="MosaicMesh.cpp">
      <Filter>sources</Filter>
    </ClCompile>
    <ClCompile Include="SDHRWindow.cpp">
      <Filter>sources</Filter>
    </ClCompile>
    <ClCompile Include="A2VideoManager.cpp">
      <Filter>sources</Filter>
    </ClCompile>
    <ClCompile Include="A2Window.cpp">
      <Filter>sources</Filter>
    </ClCompile>
    <ClCompile Include="imgui\imgui.cpp">
      <Filter>imgui</Filter>
    </ClCompile>
    <ClCompile Include="imgui\imgui_demo.cpp">
      <Filter>imgui</Filter>
    </ClCompile>
    <ClCompile Include="imgui\imgui_draw.cpp">
      <Filter>imgui</Filter>
    </ClCompile>
    <ClCompile Include="imgui\imgui_tables.cpp">
      <Filter>imgui</Filter>
    </ClCompile>
    <ClCompile Include="imgui\imgui_widgets.cpp">
      <Filter>imgui</Filter>
    </ClCompile>
    <ClCompile Include="imgui\backends\imgui_impl_opengl3.cpp">
      <Filter>imgui</Filter>
    </ClCompile>
    <ClCompile Include="imgui\backends\imgui_impl_sdl2.cpp">
      <Filter>imgui</Filter>
    </ClCompile>
    <ClCompile Include="glad\glad.cpp">
      <Filter>glad</Filter>
    </ClCompile>
  </ItemGroup>
  <ItemGroup>
    <ClInclude Include="camera.h">
      <Filter>headers</Filter>
    </ClInclude>
    <ClInclude Include="common.h">
      <Filter>headers</Filter>
    </ClInclude>
    <ClInclude Include="OpenGLHelper.h">
      <Filter>headers</Filter>
    </ClInclude>
    <ClInclude Include="shader.h">
      <Filter>headers</Filter>
    </ClInclude>
    <ClInclude Include="my_imgui_config.h">
      <Filter>headers</Filter>
    </ClInclude>
    <ClInclude Include="SDHRNetworking.h">
      <Filter>headers</Filter>
    </ClInclude>
    <ClInclude Include="SDHRManager.h">
      <Filter>headers</Filter>
    </ClInclude>
    <ClInclude Include="MosaicMesh.h">
      <Filter>headers</Filter>
    </ClInclude>
    <ClInclude Include="glad\glad.h">
      <Filter>glad</Filter>
    </ClInclude>
    <ClInclude Include="glad\khrplatform.h">
      <Filter>glad</Filter>
    </ClInclude>
    <ClInclude Include="SDHRWindow.h">
      <Filter>headers</Filter>
    </ClInclude>
    <ClInclude Include="imgui_memory_editor.h">
      <Filter>headers</Filter>
    </ClInclude>
    <ClInclude Include="stb_image.h">
      <Filter>headers</Filter>
    </ClInclude>
    <ClInclude Include="ConcurrentQueue.h">
      <Filter>headers</Filter>
    </ClInclude>
    <ClInclude Include="A2VideoManager.h">
      <Filter>headers</Filter>
    </ClInclude>
    <ClInclude Include="A2Window.h">
      <Filter>headers</Filter>
    </ClInclude>
    <ClInclude Include="GRAddr2XY.h">
      <Filter>headers</Filter>
    </ClInclude>
    <ClInclude Include="imgui\imconfig.h">
      <Filter>imgui</Filter>
    </ClInclude>
    <ClInclude Include="imgui\imgui.h">
      <Filter>imgui</Filter>
    </ClInclude>
    <ClInclude Include="imgui\imgui_internal.h">
      <Filter>imgui</Filter>
    </ClInclude>
    <ClInclude Include="imgui\backends\imgui_impl_opengl3.h">
      <Filter>imgui</Filter>
    </ClInclude>
    <ClInclude Include="imgui\backends\imgui_impl_opengl3_loader.h">
      <Filter>imgui</Filter>
    </ClInclude>
    <ClInclude Include="imgui\backends\imgui_impl_sdl2.h">
      <Filter>imgui</Filter>
    </ClInclude>
  </ItemGroup>
  <ItemGroup>
    <None Include="README.md" />
    <None Include="imgui\imgui\misc\debuggers\imgui.natstepfilter">
      <Filter>imgui</Filter>
    </None>
    <None Include="imgui\imgui\misc\debuggers\imgui.natvis">
      <Filter>imgui</Filter>
    </None>
    <None Include="packages.config" />
    <None Include="shaders\a2video_dtext_310es.frag">
      <Filter>shaders</Filter>
    </None>
    <None Include="shaders\a2video_dtext_330.frag">
      <Filter>shaders</Filter>
    </None>
    <None Include="shaders\sdhr_depixelize_310es.frag">
      <Filter>shaders</Filter>
    </None>
    <None Include="shaders\sdhr_depixelize_330.frag">
      <Filter>shaders</Filter>
    </None>
    <None Include="shaders\sdhr_depixelize_330.vert">
      <Filter>shaders</Filter>
    </None>
    <None Include="shaders\sdhr_depixelize_310es.vert">
      <Filter>shaders</Filter>
    </None>
  </ItemGroup>
  <ItemGroup>
    <Media Include="shaders\sdhr_default_330.vert">
      <Filter>shaders</Filter>
    </Media>
    <Media Include="shaders\sdhr_default_310es.frag">
      <Filter>shaders</Filter>
    </Media>
    <Media Include="shaders\sdhr_default_310es.vert">
      <Filter>shaders</Filter>
    </Media>
    <Media Include="shaders\sdhr_default_330.frag">
      <Filter>shaders</Filter>
    </Media>
    <Media Include="shaders\a2video_text_330.vert">
      <Filter>shaders</Filter>
    </Media>
    <Media Include="shaders\a2video_text_310es.vert">
      <Filter>shaders</Filter>
    </Media>
    <Media Include="shaders\a2video_text_310es.frag">
      <Filter>shaders</Filter>
    </Media>
    <Media Include="shaders\a2video_text_330.frag">
      <Filter>shaders</Filter>
    </Media>
  </ItemGroup>
  <ItemGroup>
    <Image Include="textures\Texture_Default.png">
      <Filter>textures</Filter>
    </Image>
    <Image Include="textures\Texture_Scanlines.png">
      <Filter>textures</Filter>
    </Image>
    <Image Include="textures\Apple2eFont7x16 - Alternate.png">
      <Filter>textures</Filter>
    </Image>
    <Image Include="textures\Apple2eFont7x16 - Regular.png">
      <Filter>textures</Filter>
    </Image>
    <Image Include="textures\Apple2eFont14x16 - Alternate.png">
      <Filter>textures</Filter>
    </Image>
    <Image Include="textures\Apple2eFont14x16 - Regular.png">
      <Filter>textures</Filter>
    </Image>
  </ItemGroup>
</Project>