<?xml version="1.0" encoding="utf-8"?>
<Project ToolsVersion="4.0" xmlns="http://schemas.microsoft.com/developer/msbuild/2003">
  <ItemGroup>
    <Filter Include="imgui">
      <UniqueIdentifier>{20b90ce4-7fcb-4731-b9a0-075f875de82d}</UniqueIdentifier>
    </Filter>
    <Filter Include="sources">
      <UniqueIdentifier>{f18ab499-84e1-499f-8eff-9754361e0e52}</UniqueIdentifier>
      <Extensions>cpp;c;cc;cxx;def;odl;idl;hpj;bat;asm;asmx</Extensions>
    </Filter>
    <Filter Include="headers">
      <UniqueIdentifier>{fd5c2b84-3576-48ae-bd69-50aef3e360dd}</UniqueIdentifier>
      <Extensions>h;</Extensions>
    </Filter>
    <Filter Include="shaders">
      <UniqueIdentifier>{bc77d915-ea34-4b87-a05c-219375cb07e2}</UniqueIdentifier>
      <Extensions>vert;frag;glsl;</Extensions>
    </Filter>
    <Filter Include="assets">
      <UniqueIdentifier>{a0ff60f3-4a53-4ffe-946c-9bd8770d7e17}</UniqueIdentifier>
    </Filter>
    <Filter Include="glad">
      <UniqueIdentifier>{c076ead4-8be1-43cd-b5cd-5b6d1e4e6d81}</UniqueIdentifier>
    </Filter>
  </ItemGroup>
  <ItemGroup>
    <ClCompile Include="main.cpp">
      <Filter>sources</Filter>
    </ClCompile>
    <ClCompile Include="SDHRNetworking.cpp">
      <Filter>sources</Filter>
    </ClCompile>
    <ClCompile Include="SDHRManager.cpp">
      <Filter>sources</Filter>
    </ClCompile>
    <ClCompile Include="OpenGLHelper.cpp">
      <Filter>sources</Filter>
    </ClCompile>
    <ClCompile Include="MosaicMesh.cpp">
      <Filter>sources</Filter>
    </ClCompile>
    <ClCompile Include="SDHRWindow.cpp">
      <Filter>sources</Filter>
    </ClCompile>
    <ClCompile Include="A2VideoManager.cpp">
      <Filter>sources</Filter>
    </ClCompile>
    <ClCompile Include="imgui\imgui.cpp">
      <Filter>imgui</Filter>
    </ClCompile>
    <ClCompile Include="imgui\imgui_demo.cpp">
      <Filter>imgui</Filter>
    </ClCompile>
    <ClCompile Include="imgui\imgui_draw.cpp">
      <Filter>imgui</Filter>
    </ClCompile>
    <ClCompile Include="imgui\imgui_tables.cpp">
      <Filter>imgui</Filter>
    </ClCompile>
    <ClCompile Include="imgui\imgui_widgets.cpp">
      <Filter>imgui</Filter>
    </ClCompile>
    <ClCompile Include="imgui\backends\imgui_impl_opengl3.cpp">
      <Filter>imgui</Filter>
    </ClCompile>
    <ClCompile Include="imgui\backends\imgui_impl_sdl2.cpp">
      <Filter>imgui</Filter>
    </ClCompile>
    <ClCompile Include="glad\glad.cpp">
      <Filter>glad</Filter>
    </ClCompile>
    <ClCompile Include="PostProcessor.cpp">
      <Filter>sources</Filter>
    </ClCompile>
    <ClCompile Include="shader.cpp">
      <Filter>sources</Filter>
    </ClCompile>
    <ClCompile Include="extras\ImGuiFileDialog.cpp">
      <Filter>sources</Filter>
    </ClCompile>
    <ClCompile Include="extras\MemoryLoader.cpp">
      <Filter>sources</Filter>
    </ClCompile>
    <ClCompile Include="CycleCounter.cpp">
      <Filter>sources</Filter>
    </ClCompile>
    <ClCompile Include="EventRecorder.cpp">
      <Filter>sources</Filter>
    </ClCompile>
    <ClCompile Include="A2WindowBeam.cpp">
      <Filter>sources</Filter>
    </ClCompile>
    <ClCompile Include="MemoryManager.cpp">
      <Filter>sources</Filter>
    </ClCompile>
    <ClCompile Include="Ayumi.cpp">
      <Filter>sources</Filter>
    </ClCompile>
    <ClCompile Include="MainMenu.cpp">
      <Filter>sources</Filter>
    </ClCompile>
    <ClCompile Include="MockingboardManager.cpp">
      <Filter>sources</Filter>
    </ClCompile>
    <ClCompile Include="SoundManager.cpp">
      <Filter>sources</Filter>
    </ClCompile>
    <ClCompile Include="SSI263.cpp">
      <Filter>sources</Filter>
    </ClCompile>
  </ItemGroup>
  <ItemGroup>
    <ClInclude Include="camera.h">
      <Filter>headers</Filter>
    </ClInclude>
    <ClInclude Include="common.h">
      <Filter>headers</Filter>
    </ClInclude>
    <ClInclude Include="OpenGLHelper.h">
      <Filter>headers</Filter>
    </ClInclude>
    <ClInclude Include="shader.h">
      <Filter>headers</Filter>
    </ClInclude>
    <ClInclude Include="my_imgui_config.h">
      <Filter>headers</Filter>
    </ClInclude>
    <ClInclude Include="SDHRNetworking.h">
      <Filter>headers</Filter>
    </ClInclude>
    <ClInclude Include="SDHRManager.h">
      <Filter>headers</Filter>
    </ClInclude>
    <ClInclude Include="MosaicMesh.h">
      <Filter>headers</Filter>
    </ClInclude>
    <ClInclude Include="glad\glad.h">
      <Filter>glad</Filter>
    </ClInclude>
    <ClInclude Include="glad\khrplatform.h">
      <Filter>glad</Filter>
    </ClInclude>
    <ClInclude Include="SDHRWindow.h">
      <Filter>headers</Filter>
    </ClInclude>
    <ClInclude Include="imgui_memory_editor.h">
      <Filter>headers</Filter>
    </ClInclude>
    <ClInclude Include="stb_image.h">
      <Filter>headers</Filter>
    </ClInclude>
    <ClInclude Include="ConcurrentQueue.h">
      <Filter>headers</Filter>
    </ClInclude>
    <ClInclude Include="A2VideoManager.h">
      <Filter>headers</Filter>
    </ClInclude>
    <ClInclude Include="GRAddr2XY.h">
      <Filter>headers</Filter>
    </ClInclude>
    <ClInclude Include="imgui\imconfig.h">
      <Filter>imgui</Filter>
    </ClInclude>
    <ClInclude Include="imgui\imgui.h">
      <Filter>imgui</Filter>
    </ClInclude>
    <ClInclude Include="imgui\imgui_internal.h">
      <Filter>imgui</Filter>
    </ClInclude>
    <ClInclude Include="imgui\backends\imgui_impl_opengl3.h">
      <Filter>imgui</Filter>
    </ClInclude>
    <ClInclude Include="imgui\backends\imgui_impl_opengl3_loader.h">
      <Filter>imgui</Filter>
    </ClInclude>
    <ClInclude Include="imgui\backends\imgui_impl_sdl2.h">
      <Filter>imgui</Filter>
    </ClInclude>
    <ClInclude Include="extras\MemoryLoader.h">
      <Filter>headers</Filter>
    </ClInclude>
    <ClInclude Include="PostProcessor.h">
      <Filter>headers</Filter>
    </ClInclude>
    <ClInclude Include="EventRecorder.h">
      <Filter>headers</Filter>
    </ClInclude>
    <ClInclude Include="CycleCounter.h">
      <Filter>headers</Filter>
    </ClInclude>
    <ClInclude Include="ByteBuffer.h">
      <Filter>headers</Filter>
    </ClInclude>
    <ClInclude Include="A2WindowBeam.h">
      <Filter>headers</Filter>
    </ClInclude>
    <ClInclude Include="MemoryManager.h">
      <Filter>headers</Filter>
    </ClInclude>
    <ClInclude Include="Ayumi.h">
      <Filter>headers</Filter>
    </ClInclude>
    <ClInclude Include="beeper.h">
      <Filter>headers</Filter>
    </ClInclude>
    <ClInclude Include="MockingboardManager.h">
      <Filter>headers</Filter>
    </ClInclude>
    <ClInclude Include="SoundManager.h">
      <Filter>headers</Filter>
    </ClInclude>
    <ClInclude Include="MainMenu.h">
      <Filter>headers</Filter>
    </ClInclude>
    <ClInclude Include="SSI263.h">
      <Filter>headers</Filter>
    </ClInclude>
    <ClInclude Include="m6522.h">
      <Filter>headers</Filter>
    </ClInclude>
    <ClInclude Include="extras\ImGuiFileDialog.h">
      <Filter>headers</Filter>
    </ClInclude>
    <ClInclude Include="extras\ImGuiFileDialogConfig.h">
      <Filter>headers</Filter>
    </ClInclude>
    <ClInclude Include="ftd3xx_win.h">
      <Filter>headers</Filter>
    </ClInclude>
  </ItemGroup>
  <ItemGroup>
    <None Include="README.md" />
    <None Include="imgui\imgui\misc\debuggers\imgui.natstepfilter">
      <Filter>imgui</Filter>
    </None>
    <None Include="imgui\imgui\misc\debuggers\imgui.natvis">
      <Filter>imgui</Filter>
    </None>
    <None Include="packages.config" />
    <None Include="Makefile" />
    <None Include="shaders\a2video.vert">
      <Filter>shaders</Filter>
    </None>
    <None Include="shaders\a2video_hgr.frag">
      <Filter>shaders</Filter>
    </None>
    <None Include="shaders\a2video_lgr.frag">
      <Filter>shaders</Filter>
    </None>
    <None Include="shaders\a2video_postprocess.glsl">
      <Filter>shaders</Filter>
    </None>
    <None Include="shaders\a2video_text.frag">
      <Filter>shaders</Filter>
    </None>
    <None Include="shaders\basic.frag">
      <Filter>shaders</Filter>
    </None>
    <None Include="shaders\basic.vert">
      <Filter>shaders</Filter>
    </None>
    <None Include="shaders\sdhr_default_330.frag">
      <Filter>shaders</Filter>
    </None>
    <None Include="shaders\sdhr_default_330.vert">
      <Filter>shaders</Filter>
    </None>
    <None Include="shaders\sdhr_depixelize_330.frag">
      <Filter>shaders</Filter>
    </None>
    <None Include="shaders\sdhr_depixelize_330.vert">
      <Filter>shaders</Filter>
    </None>
    <None Include="shaders\a2video_dhgr.frag">
      <Filter>shaders</Filter>
    </None>
    <None Include="shaders\a2video_shr.frag">
      <Filter>shaders</Filter>
    </None>
    <None Include="shaders\a2video_beam_legacy.frag">
      <Filter>shaders</Filter>
    </None>
    <None Include="shaders\a2video_beam_shr.frag">
      <Filter>shaders</Filter>
    </None>
    <None Include="shaders\a2video_beam_merge.frag">
      <Filter>shaders</Filter>
    </None>
    <None Include="shaders\a2video_beam_shr_raw.frag">
      <Filter>shaders</Filter>
    </None>
  </ItemGroup>
  <ItemGroup>
    <Image Include="assets\Apple2eFont7x16 - Alternate.png">
      <Filter>assets</Filter>
    </Image>
    <Image Include="assets\Apple2eFont7x16 - Regular.png">
      <Filter>assets</Filter>
    </Image>
    <Image Include="assets\Apple2eFont14x16 - Alternate.png">
      <Filter>assets</Filter>
    </Image>
    <Image Include="assets\Apple2eFont14x16 - Regular.png">
      <Filter>assets</Filter>
    </Image>
    <Image Include="assets\Texture_composite_complete.png">
      <Filter>assets</Filter>
    </Image>
    <Image Include="assets\Texture_composite_dhgr.png">
      <Filter>assets</Filter>
    </Image>
    <Image Include="assets\Texture_composite_hgr.png">
      <Filter>assets</Filter>
    </Image>
    <Image Include="assets\Texture_composite_lgr.png">
      <Filter>assets</Filter>
    </Image>
    <Image Include="assets\Texture_Default.png">
      <Filter>assets</Filter>
    </Image>
  </ItemGroup>
  <ItemGroup>
    <Font Include="assets\ProggyTiny.ttf">
      <Filter>assets</Filter>
    </Font>
  </ItemGroup>
  <ItemGroup>
    <Library Include="lib\Win_x64\FTD3XX.lib" />
  </ItemGroup>
</Project>