// !$*UTF8*$!
{
	archiveVersion = 1;
	classes = {
	};
	objectVersion = 56;
	objects = {

/* Begin PBXFileReference section */
		BB1667872B574A66000192A5 /* MemoryLoader.cpp */ = {isa = PBXFileReference; lastKnownFileType = sourcecode.cpp.cpp; path = MemoryLoader.cpp; sourceTree = "<group>"; };
		BB1667882B574A66000192A5 /* MemoryLoader.h */ = {isa = PBXFileReference; lastKnownFileType = sourcecode.c.h; path = MemoryLoader.h; sourceTree = "<group>"; };
		BB1667892B5754FE000192A5 /* ImGuiFileDialog.cpp */ = {isa = PBXFileReference; lastKnownFileType = sourcecode.cpp.cpp; path = ImGuiFileDialog.cpp; sourceTree = "<group>"; };
		BB16678A2B5754FE000192A5 /* ImGuiFileDialog.h */ = {isa = PBXFileReference; lastKnownFileType = sourcecode.c.h; path = ImGuiFileDialog.h; sourceTree = "<group>"; };
		BB19E0E82B53484F00341864 /* A2Window.cpp */ = {isa = PBXFileReference; lastKnownFileType = sourcecode.cpp.cpp; path = A2Window.cpp; sourceTree = "<group>"; };
		BB19E0E92B53484F00341864 /* ConcurrentQueue.h */ = {isa = PBXFileReference; lastKnownFileType = sourcecode.c.h; path = ConcurrentQueue.h; sourceTree = "<group>"; };
		BB19E0EA2B53484F00341864 /* SDHRNetworking.h */ = {isa = PBXFileReference; lastKnownFileType = sourcecode.c.h; path = SDHRNetworking.h; sourceTree = "<group>"; };
		BB19E0EB2B53484F00341864 /* MosaicMesh.cpp */ = {isa = PBXFileReference; lastKnownFileType = sourcecode.cpp.cpp; path = MosaicMesh.cpp; sourceTree = "<group>"; };
		BB19E0EC2B53484F00341864 /* README.md */ = {isa = PBXFileReference; lastKnownFileType = net.daringfireball.markdown; path = README.md; sourceTree = "<group>"; };
		BB19E0ED2B53484F00341864 /* A2VideoManager.cpp */ = {isa = PBXFileReference; lastKnownFileType = sourcecode.cpp.cpp; path = A2VideoManager.cpp; sourceTree = "<group>"; };
		BB19E0EE2B53484F00341864 /* OpenGLHelper.cpp */ = {isa = PBXFileReference; lastKnownFileType = sourcecode.cpp.cpp; path = OpenGLHelper.cpp; sourceTree = "<group>"; };
		BB19E0EF2B53484F00341864 /* imgui */ = {isa = PBXFileReference; lastKnownFileType = folder; path = imgui; sourceTree = "<group>"; };
		BB19E0F02B53484F00341864 /* SDHRManager.h */ = {isa = PBXFileReference; lastKnownFileType = sourcecode.c.h; path = SDHRManager.h; sourceTree = "<group>"; };
		BB19E0F12B53484F00341864 /* imgui_memory_editor.h */ = {isa = PBXFileReference; lastKnownFileType = sourcecode.c.h; path = imgui_memory_editor.h; sourceTree = "<group>"; };
		BB19E0F22B53484F00341864 /* A2Window.h */ = {isa = PBXFileReference; lastKnownFileType = sourcecode.c.h; path = A2Window.h; sourceTree = "<group>"; };
		BB19E0F32B53484F00341864 /* common.h */ = {isa = PBXFileReference; lastKnownFileType = sourcecode.c.h; path = common.h; sourceTree = "<group>"; };
		BB19E0F42B53484F00341864 /* stb_image.h */ = {isa = PBXFileReference; lastKnownFileType = sourcecode.c.h; path = stb_image.h; sourceTree = "<group>"; };
		BB19E0F52B53484F00341864 /* LICENSE */ = {isa = PBXFileReference; lastKnownFileType = text; path = LICENSE; sourceTree = "<group>"; };
		BB19E0F62B53484F00341864 /* OpenGLHelper.h */ = {isa = PBXFileReference; lastKnownFileType = sourcecode.c.h; path = OpenGLHelper.h; sourceTree = "<group>"; };
		BB19E0F72B53484F00341864 /* MosaicMesh.h */ = {isa = PBXFileReference; lastKnownFileType = sourcecode.c.h; path = MosaicMesh.h; sourceTree = "<group>"; };
		BB19E0F82B53484F00341864 /* imgui.ini */ = {isa = PBXFileReference; lastKnownFileType = text; path = imgui.ini; sourceTree = "<group>"; };
		BB19E0F92B53484F00341864 /* main.cpp */ = {isa = PBXFileReference; lastKnownFileType = sourcecode.cpp.cpp; path = main.cpp; sourceTree = "<group>"; };
		BB19E0FA2B53484F00341864 /* my_imgui_config.h */ = {isa = PBXFileReference; lastKnownFileType = sourcecode.c.h; path = my_imgui_config.h; sourceTree = "<group>"; };
		BB19E0FB2B53484F00341864 /* Makefile */ = {isa = PBXFileReference; lastKnownFileType = sourcecode.make; path = Makefile; sourceTree = "<group>"; };
		BB19E0FC2B53484F00341864 /* shaders */ = {isa = PBXFileReference; lastKnownFileType = folder; path = shaders; sourceTree = "<group>"; };
		BB19E0FD2B53484F00341864 /* glad */ = {isa = PBXFileReference; lastKnownFileType = folder; path = glad; sourceTree = "<group>"; };
		BB19E0FE2B53484F00341864 /* GRAddr2XY.h */ = {isa = PBXFileReference; lastKnownFileType = sourcecode.c.h; path = GRAddr2XY.h; sourceTree = "<group>"; };
		BB19E0FF2B53484F00341864 /* SDHRManager.cpp */ = {isa = PBXFileReference; lastKnownFileType = sourcecode.cpp.cpp; path = SDHRManager.cpp; sourceTree = "<group>"; };
		BB19E1002B53484F00341864 /* SDHRNetworking.cpp */ = {isa = PBXFileReference; lastKnownFileType = sourcecode.cpp.cpp; path = SDHRNetworking.cpp; sourceTree = "<group>"; };
		BB19E1012B53484F00341864 /* SDHRWindow.h */ = {isa = PBXFileReference; lastKnownFileType = sourcecode.c.h; path = SDHRWindow.h; sourceTree = "<group>"; };
		BB19E1022B53484F00341864 /* Makefile.emscripten */ = {isa = PBXFileReference; lastKnownFileType = text; path = Makefile.emscripten; sourceTree = "<group>"; };
		BB19E1032B53484F00341864 /* A2VideoManager.h */ = {isa = PBXFileReference; lastKnownFileType = sourcecode.c.h; path = A2VideoManager.h; sourceTree = "<group>"; };
		BB19E1042B53484F00341864 /* SDHRWindow.cpp */ = {isa = PBXFileReference; lastKnownFileType = sourcecode.cpp.cpp; path = SDHRWindow.cpp; sourceTree = "<group>"; };
		BB19E1052B53484F00341864 /* textures */ = {isa = PBXFileReference; lastKnownFileType = folder; path = textures; sourceTree = "<group>"; };
		BB19E1062B53484F00341864 /* camera.h */ = {isa = PBXFileReference; lastKnownFileType = sourcecode.c.h; path = camera.h; sourceTree = "<group>"; };
		BB19E1072B53484F00341864 /* glm */ = {isa = PBXFileReference; lastKnownFileType = folder; path = glm; sourceTree = "<group>"; };
		BB19E1082B53484F00341864 /* shader.h */ = {isa = PBXFileReference; lastKnownFileType = sourcecode.c.h; path = shader.h; sourceTree = "<group>"; };
		BB3738472B5C79F3001D1131 /* PostProcessor.h */ = {isa = PBXFileReference; lastKnownFileType = sourcecode.c.h; path = PostProcessor.h; sourceTree = "<group>"; };
		BB3738482B5C79F3001D1131 /* ImGuiFileDialog.cpp */ = {isa = PBXFileReference; lastKnownFileType = sourcecode.cpp.cpp; path = ImGuiFileDialog.cpp; sourceTree = "<group>"; };
		BB3738492B5C79F3001D1131 /* ImGuiFileDialog.h */ = {isa = PBXFileReference; lastKnownFileType = sourcecode.c.h; path = ImGuiFileDialog.h; sourceTree = "<group>"; };
		BB37384A2B5C79F3001D1131 /* ImGuiFileDialogConfig.h */ = {isa = PBXFileReference; lastKnownFileType = sourcecode.c.h; path = ImGuiFileDialogConfig.h; sourceTree = "<group>"; };
		BB37384B2B5C79F3001D1131 /* PostProcessor.cpp */ = {isa = PBXFileReference; lastKnownFileType = sourcecode.cpp.cpp; path = PostProcessor.cpp; sourceTree = "<group>"; };
		BB37384C2B5F0A0B001D1131 /* shader.cpp */ = {isa = PBXFileReference; lastKnownFileType = sourcecode.cpp.cpp; path = shader.cpp; sourceTree = "<group>"; };
		BB7246A22B5755E60061C769 /* ImGuiFileDialogConfig.h */ = {isa = PBXFileReference; lastKnownFileType = sourcecode.c.h; path = ImGuiFileDialogConfig.h; sourceTree = "<group>"; };
		BB9CBA2A2B5F62E400D95B76 /* ProjectConfig.xconfig.xcconfig */ = {isa = PBXFileReference; lastKnownFileType = text.xcconfig; path = ProjectConfig.xconfig.xcconfig; sourceTree = "<group>"; };
/* End PBXFileReference section */

/* Begin PBXGroup section */
		BB1667862B574A16000192A5 /* extras */ = {
			isa = PBXGroup;
			children = (
				BB1667872B574A66000192A5 /* MemoryLoader.cpp */,
				BB1667882B574A66000192A5 /* MemoryLoader.h */,
				BB1667892B5754FE000192A5 /* ImGuiFileDialog.cpp */,
				BB16678A2B5754FE000192A5 /* ImGuiFileDialog.h */,
				BB7246A22B5755E60061C769 /* ImGuiFileDialogConfig.h */,
			);
			path = extras;
			sourceTree = "<group>";
		};
		BB19E0DD2B52B84600341864 = {
			isa = PBXGroup;
			children = (
				BB9CBA2A2B5F62E400D95B76 /* ProjectConfig.xconfig.xcconfig */,
				BB19E0ED2B53484F00341864 /* A2VideoManager.cpp */,
				BB19E1032B53484F00341864 /* A2VideoManager.h */,
				BB19E0E82B53484F00341864 /* A2Window.cpp */,
				BB19E0F22B53484F00341864 /* A2Window.h */,
				BB19E1062B53484F00341864 /* camera.h */,
				BB19E0F32B53484F00341864 /* common.h */,
				BB19E0E92B53484F00341864 /* ConcurrentQueue.h */,
				BB1667862B574A16000192A5 /* extras */,
				BB19E0FD2B53484F00341864 /* glad */,
				BB19E1072B53484F00341864 /* glm */,
				BB19E0FE2B53484F00341864 /* GRAddr2XY.h */,
				BB19E0EF2B53484F00341864 /* imgui */,
				BB19E0F12B53484F00341864 /* imgui_memory_editor.h */,
				BB19E0F82B53484F00341864 /* imgui.ini */,
				BB3738482B5C79F3001D1131 /* ImGuiFileDialog.cpp */,
				BB3738492B5C79F3001D1131 /* ImGuiFileDialog.h */,
				BB37384A2B5C79F3001D1131 /* ImGuiFileDialogConfig.h */,
				BB19E0F52B53484F00341864 /* LICENSE */,
				BB19E0F92B53484F00341864 /* main.cpp */,
				BB19E0FB2B53484F00341864 /* Makefile */,
				BB19E1022B53484F00341864 /* Makefile.emscripten */,
				BB19E0EB2B53484F00341864 /* MosaicMesh.cpp */,
				BB19E0F72B53484F00341864 /* MosaicMesh.h */,
				BB19E0FA2B53484F00341864 /* my_imgui_config.h */,
				BB19E0EE2B53484F00341864 /* OpenGLHelper.cpp */,
				BB19E0F62B53484F00341864 /* OpenGLHelper.h */,
				BB37384B2B5C79F3001D1131 /* PostProcessor.cpp */,
				BB3738472B5C79F3001D1131 /* PostProcessor.h */,
				BB19E0EC2B53484F00341864 /* README.md */,
				BB19E0FF2B53484F00341864 /* SDHRManager.cpp */,
				BB19E0F02B53484F00341864 /* SDHRManager.h */,
				BB19E1002B53484F00341864 /* SDHRNetworking.cpp */,
				BB19E0EA2B53484F00341864 /* SDHRNetworking.h */,
				BB19E1042B53484F00341864 /* SDHRWindow.cpp */,
				BB19E1012B53484F00341864 /* SDHRWindow.h */,
				BB19E1082B53484F00341864 /* shader.h */,
				BB37384C2B5F0A0B001D1131 /* shader.cpp */,
				BB19E0FC2B53484F00341864 /* shaders */,
				BB19E0F42B53484F00341864 /* stb_image.h */,
				BB19E1052B53484F00341864 /* textures */,
			);
			sourceTree = "<group>";
		};
/* End PBXGroup section */

/* Begin PBXLegacyTarget section */
		BB19E0E22B52B84600341864 /* SuperDuperDisplay */ = {
			isa = PBXLegacyTarget;
			buildArgumentsString = "$(ACTION)";
			buildConfigurationList = BB19E0E52B52B84600341864 /* Build configuration list for PBXLegacyTarget "SuperDuperDisplay" */;
			buildPhases = (
			);
			buildToolPath = /usr/bin/make;
			buildWorkingDirectory = "";
			dependencies = (
			);
			name = SuperDuperDisplay;
			passBuildSettingsInEnvironment = 1;
			productName = SuperDuperDisplay;
		};
/* End PBXLegacyTarget section */

/* Begin PBXProject section */
		BB19E0DE2B52B84600341864 /* Project object */ = {
			isa = PBXProject;
			attributes = {
				BuildIndependentTargetsInParallel = 1;
				LastUpgradeCheck = 1520;
				TargetAttributes = {
					BB19E0E22B52B84600341864 = {
						CreatedOnToolsVersion = 15.2;
					};
				};
			};
			buildConfigurationList = BB19E0E12B52B84600341864 /* Build configuration list for PBXProject "SuperDuperDisplay" */;
			compatibilityVersion = "Xcode 14.0";
			developmentRegion = en;
			hasScannedForEncodings = 0;
			knownRegions = (
				en,
				Base,
			);
			mainGroup = BB19E0DD2B52B84600341864;
			projectDirPath = "";
			projectRoot = "";
			targets = (
				BB19E0E22B52B84600341864 /* SuperDuperDisplay */,
			);
		};
/* End PBXProject section */

/* Begin XCBuildConfiguration section */
		BB19E0E32B52B84600341864 /* Debug */ = {
			isa = XCBuildConfiguration;
			baseConfigurationReference = BB9CBA2A2B5F62E400D95B76 /* ProjectConfig.xconfig.xcconfig */;
			buildSettings = {
				ALWAYS_SEARCH_USER_PATHS = NO;
				ASSETCATALOG_COMPILER_GENERATE_SWIFT_ASSET_SYMBOL_EXTENSIONS = YES;
				CLANG_ANALYZER_NONNULL = YES;
				CLANG_ANALYZER_NUMBER_OBJECT_CONVERSION = YES_AGGRESSIVE;
				CLANG_CXX_LANGUAGE_STANDARD = "gnu++20";
				CLANG_ENABLE_MODULES = YES;
				CLANG_ENABLE_OBJC_ARC = YES;
				CLANG_ENABLE_OBJC_WEAK = YES;
				CLANG_WARN_BLOCK_CAPTURE_AUTORELEASING = YES;
				CLANG_WARN_BOOL_CONVERSION = YES;
				CLANG_WARN_COMMA = YES;
				CLANG_WARN_CONSTANT_CONVERSION = YES;
				CLANG_WARN_DEPRECATED_OBJC_IMPLEMENTATIONS = YES;
				CLANG_WARN_DIRECT_OBJC_ISA_USAGE = YES_ERROR;
				CLANG_WARN_DOCUMENTATION_COMMENTS = YES;
				CLANG_WARN_EMPTY_BODY = YES;
				CLANG_WARN_ENUM_CONVERSION = YES;
				CLANG_WARN_INFINITE_RECURSION = YES;
				CLANG_WARN_INT_CONVERSION = YES;
				CLANG_WARN_NON_LITERAL_NULL_CONVERSION = YES;
				CLANG_WARN_OBJC_IMPLICIT_RETAIN_SELF = YES;
				CLANG_WARN_OBJC_LITERAL_CONVERSION = YES;
				CLANG_WARN_OBJC_ROOT_CLASS = YES_ERROR;
				CLANG_WARN_QUOTED_INCLUDE_IN_FRAMEWORK_HEADER = YES;
				CLANG_WARN_RANGE_LOOP_ANALYSIS = YES;
				CLANG_WARN_STRICT_PROTOTYPES = YES;
				CLANG_WARN_SUSPICIOUS_MOVE = YES;
				CLANG_WARN_UNGUARDED_AVAILABILITY = YES_AGGRESSIVE;
				CLANG_WARN_UNREACHABLE_CODE = YES;
				CLANG_WARN__DUPLICATE_METHOD_MATCH = YES;
				COPY_PHASE_STRIP = NO;
				DEBUG_INFORMATION_FORMAT = dwarf;
				ENABLE_STRICT_OBJC_MSGSEND = YES;
				ENABLE_TESTABILITY = YES;
				ENABLE_USER_SCRIPT_SANDBOXING = YES;
				GCC_C_LANGUAGE_STANDARD = gnu17;
				GCC_DYNAMIC_NO_PIC = NO;
				GCC_NO_COMMON_BLOCKS = YES;
				GCC_OPTIMIZATION_LEVEL = 0;
				GCC_PREPROCESSOR_DEFINITIONS = (
					"DEBUG=1",
					"$(inherited)",
				);
				GCC_WARN_64_TO_32_BIT_CONVERSION = YES;
				GCC_WARN_ABOUT_RETURN_TYPE = YES_ERROR;
				GCC_WARN_UNDECLARED_SELECTOR = YES;
				GCC_WARN_UNINITIALIZED_AUTOS = YES_AGGRESSIVE;
				GCC_WARN_UNUSED_FUNCTION = YES;
				GCC_WARN_UNUSED_VARIABLE = YES;
				LOCALIZATION_PREFERS_STRING_CATALOGS = YES;
				MTL_ENABLE_DEBUG_INFO = INCLUDE_SOURCE;
				MTL_FAST_MATH = YES;
				ONLY_ACTIVE_ARCH = YES;
			};
			name = Debug;
		};
		BB19E0E42B52B84600341864 /* Release */ = {
			isa = XCBuildConfiguration;
			baseConfigurationReference = BB9CBA2A2B5F62E400D95B76 /* ProjectConfig.xconfig.xcconfig */;
			buildSettings = {
				ALWAYS_SEARCH_USER_PATHS = NO;
				ASSETCATALOG_COMPILER_GENERATE_SWIFT_ASSET_SYMBOL_EXTENSIONS = YES;
				CLANG_ANALYZER_NONNULL = YES;
				CLANG_ANALYZER_NUMBER_OBJECT_CONVERSION = YES_AGGRESSIVE;
				CLANG_CXX_LANGUAGE_STANDARD = "gnu++20";
				CLANG_ENABLE_MODULES = YES;
				CLANG_ENABLE_OBJC_ARC = YES;
				CLANG_ENABLE_OBJC_WEAK = YES;
				CLANG_WARN_BLOCK_CAPTURE_AUTORELEASING = YES;
				CLANG_WARN_BOOL_CONVERSION = YES;
				CLANG_WARN_COMMA = YES;
				CLANG_WARN_CONSTANT_CONVERSION = YES;
				CLANG_WARN_DEPRECATED_OBJC_IMPLEMENTATIONS = YES;
				CLANG_WARN_DIRECT_OBJC_ISA_USAGE = YES_ERROR;
				CLANG_WARN_DOCUMENTATION_COMMENTS = YES;
				CLANG_WARN_EMPTY_BODY = YES;
				CLANG_WARN_ENUM_CONVERSION = YES;
				CLANG_WARN_INFINITE_RECURSION = YES;
				CLANG_WARN_INT_CONVERSION = YES;
				CLANG_WARN_NON_LITERAL_NULL_CONVERSION = YES;
				CLANG_WARN_OBJC_IMPLICIT_RETAIN_SELF = YES;
				CLANG_WARN_OBJC_LITERAL_CONVERSION = YES;
				CLANG_WARN_OBJC_ROOT_CLASS = YES_ERROR;
				CLANG_WARN_QUOTED_INCLUDE_IN_FRAMEWORK_HEADER = YES;
				CLANG_WARN_RANGE_LOOP_ANALYSIS = YES;
				CLANG_WARN_STRICT_PROTOTYPES = YES;
				CLANG_WARN_SUSPICIOUS_MOVE = YES;
				CLANG_WARN_UNGUARDED_AVAILABILITY = YES_AGGRESSIVE;
				CLANG_WARN_UNREACHABLE_CODE = YES;
				CLANG_WARN__DUPLICATE_METHOD_MATCH = YES;
				COPY_PHASE_STRIP = NO;
				DEBUG_INFORMATION_FORMAT = "dwarf-with-dsym";
				ENABLE_NS_ASSERTIONS = NO;
				ENABLE_STRICT_OBJC_MSGSEND = YES;
				ENABLE_USER_SCRIPT_SANDBOXING = YES;
				GCC_C_LANGUAGE_STANDARD = gnu17;
				GCC_NO_COMMON_BLOCKS = YES;
				GCC_WARN_64_TO_32_BIT_CONVERSION = YES;
				GCC_WARN_ABOUT_RETURN_TYPE = YES_ERROR;
				GCC_WARN_UNDECLARED_SELECTOR = YES;
				GCC_WARN_UNINITIALIZED_AUTOS = YES_AGGRESSIVE;
				GCC_WARN_UNUSED_FUNCTION = YES;
				GCC_WARN_UNUSED_VARIABLE = YES;
				LOCALIZATION_PREFERS_STRING_CATALOGS = YES;
				MTL_ENABLE_DEBUG_INFO = NO;
				MTL_FAST_MATH = YES;
			};
			name = Release;
		};
		BB19E0E62B52B84600341864 /* Debug */ = {
			isa = XCBuildConfiguration;
			buildSettings = {
				CODE_SIGN_STYLE = Automatic;
				DEBUGGING_SYMBOLS = YES;
				DEBUG_INFORMATION_FORMAT = dwarf;
				GCC_GENERATE_DEBUGGING_SYMBOLS = YES;
				GCC_OPTIMIZATION_LEVEL = 0;
				OTHER_CFLAGS = "";
				OTHER_LDFLAGS = "";
				PRODUCT_NAME = "$(TARGET_NAME)";
			};
			name = Debug;
		};
		BB19E0E72B52B84600341864 /* Release */ = {
			isa = XCBuildConfiguration;
			buildSettings = {
				CODE_SIGN_STYLE = Automatic;
				DEBUG_INFORMATION_FORMAT = "dwarf-with-dsym";
				OTHER_CFLAGS = "";
				OTHER_LDFLAGS = "";
				PRODUCT_NAME = "$(TARGET_NAME)";
			};
			name = Release;
		};
/* End XCBuildConfiguration section */

/* Begin XCConfigurationList section */
		BB19E0E12B52B84600341864 /* Build configuration list for PBXProject "SuperDuperDisplay" */ = {
			isa = XCConfigurationList;
			buildConfigurations = (
				BB19E0E32B52B84600341864 /* Debug */,
				BB19E0E42B52B84600341864 /* Release */,
			);
			defaultConfigurationIsVisible = 0;
			defaultConfigurationName = Release;
		};
		BB19E0E52B52B84600341864 /* Build configuration list for PBXLegacyTarget "SuperDuperDisplay" */ = {
			isa = XCConfigurationList;
			buildConfigurations = (
				BB19E0E62B52B84600341864 /* Debug */,
				BB19E0E72B52B84600341864 /* Release */,
			);
			defaultConfigurationIsVisible = 0;
			defaultConfigurationName = Release;
		};
/* End XCConfigurationList section */
	};
	rootObject = BB19E0DE2B52B84600341864 /* Project object */;
}
