// !$*UTF8*$!
{
	archiveVersion = 1;
	classes = {
	};
	objectVersion = 56;
	objects = {

/* Begin PBXBuildFile section */
		BB006F532C3C2E49008BFFAF /* Ayumi.cpp in Sources */ = {isa = PBXBuildFile; fileRef = BB006F4F2C3C2E49008BFFAF /* Ayumi.cpp */; };
		BB006F542C3C2E49008BFFAF /* MockingboardManager.cpp in Sources */ = {isa = PBXBuildFile; fileRef = BB006F522C3C2E49008BFFAF /* MockingboardManager.cpp */; };
		BB01620B2B83643D00A3D503 /* assets in CopyFiles */ = {isa = PBXBuildFile; fileRef = BBD102132B829BAE00360B33 /* assets */; };
		BB044AC12CF37F900002F6FA /* libftd3xx-static.a in Frameworks */ = {isa = PBXBuildFile; fileRef = BB044AC02CF37F8F0002F6FA /* libftd3xx-static.a */; };
		BB044AC52CF381F80002F6FA /* CoreFoundation.framework in Frameworks */ = {isa = PBXBuildFile; fileRef = BB044AC42CF381F80002F6FA /* CoreFoundation.framework */; };
		BB044AC72CF382620002F6FA /* IOKit.framework in Frameworks */ = {isa = PBXBuildFile; fileRef = BB044AC62CF382620002F6FA /* IOKit.framework */; };
		BB3B32792E3778D700610E82 /* LogTextManager.cpp in Sources */ = {isa = PBXBuildFile; fileRef = BB3B32782E3778D400610E82 /* LogTextManager.cpp */; };
		BB58F41D2E293B8E004D62FC /* TimedTextManager.cpp in Sources */ = {isa = PBXBuildFile; fileRef = BB58F41C2E293B8E004D62FC /* TimedTextManager.cpp */; };
		BB6B2FDD2CD17D03008BC3F2 /* samples in CopyFiles */ = {isa = PBXBuildFile; fileRef = BB6B2FDC2CD17CD4008BC3F2 /* samples */; };
		BB6BE3152CC3963B00901A03 /* libopencv_core.a in Frameworks */ = {isa = PBXBuildFile; fileRef = BB6BE3142CC395F000901A03 /* libopencv_core.a */; };
		BB96E3EB2B6650BA00A3077C /* libz.tbd in Frameworks */ = {isa = PBXBuildFile; fileRef = BB96E3EA2B6650BA00A3077C /* libz.tbd */; };
		BB96E3ED2B66513700A3077C /* imgui_demo.cpp in Sources */ = {isa = PBXBuildFile; fileRef = BB96E3EC2B66513700A3077C /* imgui_demo.cpp */; };
		BB96E3F32B66515400A3077C /* imgui_widgets.cpp in Sources */ = {isa = PBXBuildFile; fileRef = BB96E3F22B66515400A3077C /* imgui_widgets.cpp */; };
		BB96E3FD2B66525300A3077C /* shaders in CopyFiles */ = {isa = PBXBuildFile; fileRef = BBB525002B6648A200A65C62 /* shaders */; };
		BB96E4092B66544900A3077C /* scripts in CopyFiles */ = {isa = PBXBuildFile; fileRef = BB96E4082B66544900A3077C /* scripts */; };
		BB9F87242C4BEE920091F5C6 /* SDL2.framework in Frameworks */ = {isa = PBXBuildFile; fileRef = BB9F87222C4BECEE0091F5C6 /* SDL2.framework */; };
		BB9F87252C4BEE920091F5C6 /* SDL2.framework in Embed Libraries */ = {isa = PBXBuildFile; fileRef = BB9F87222C4BECEE0091F5C6 /* SDL2.framework */; settings = {ATTRIBUTES = (CodeSignOnCopy, RemoveHeadersOnCopy, ); }; };
		BB9F87282C4F09870091F5C6 /* MainMenu.cpp in Sources */ = {isa = PBXBuildFile; fileRef = BB9F87262C4F09870091F5C6 /* MainMenu.cpp */; };
		BBB238ED2B8DD3B200DFEE08 /* A2WindowBeam.cpp in Sources */ = {isa = PBXBuildFile; fileRef = BBB4E5BF2B83ECCE00764C50 /* A2WindowBeam.cpp */; };
		BBB5251D2B6648A200A65C62 /* A2VideoManager.cpp in Sources */ = {isa = PBXBuildFile; fileRef = BBB525022B6648A200A65C62 /* A2VideoManager.cpp */; };
		BBB5251E2B6648A200A65C62 /* shader.cpp in Sources */ = {isa = PBXBuildFile; fileRef = BBB525042B6648A200A65C62 /* shader.cpp */; };
		BBB5251F2B6648A200A65C62 /* SDHRManager.cpp in Sources */ = {isa = PBXBuildFile; fileRef = BBB525082B6648A200A65C62 /* SDHRManager.cpp */; };
		BBB525202B6648A200A65C62 /* MosaicMesh.cpp in Sources */ = {isa = PBXBuildFile; fileRef = BBB5250B2B6648A200A65C62 /* MosaicMesh.cpp */; };
		BBB525212B6648A200A65C62 /* OpenGLHelper.cpp in Sources */ = {isa = PBXBuildFile; fileRef = BBB5250C2B6648A200A65C62 /* OpenGLHelper.cpp */; };
		BBB525222B6648A200A65C62 /* SDHRWindow.cpp in Sources */ = {isa = PBXBuildFile; fileRef = BBB5250E2B6648A200A65C62 /* SDHRWindow.cpp */; };
		BBB525232B6648A200A65C62 /* main.cpp in Sources */ = {isa = PBXBuildFile; fileRef = BBB525142B6648A200A65C62 /* main.cpp */; };
		BBB525242B6648A200A65C62 /* SDHRNetworking.cpp in Sources */ = {isa = PBXBuildFile; fileRef = BBB525162B6648A200A65C62 /* SDHRNetworking.cpp */; };
		BBB525262B6648A200A65C62 /* PostProcessor.cpp in Sources */ = {isa = PBXBuildFile; fileRef = BBB5251A2B6648A200A65C62 /* PostProcessor.cpp */; };
		BBB525292B664A7D00A65C62 /* OpenGL.framework in Frameworks */ = {isa = PBXBuildFile; fileRef = BBB525282B664A7D00A65C62 /* OpenGL.framework */; };
		BBB5252B2B664A8F00A65C62 /* CoreVideo.framework in Frameworks */ = {isa = PBXBuildFile; fileRef = BBB5252A2B664A8F00A65C62 /* CoreVideo.framework */; };
		BBBB65192E07022C00762387 /* A2WindowRGB.cpp in Sources */ = {isa = PBXBuildFile; fileRef = BBBB65182E07022C00762387 /* A2WindowRGB.cpp */; };
		BBC172EE2B6657470044B194 /* imgui_draw.cpp in Sources */ = {isa = PBXBuildFile; fileRef = BBC172EC2B6657460044B194 /* imgui_draw.cpp */; };
		BBC172EF2B6657470044B194 /* imgui_tables.cpp in Sources */ = {isa = PBXBuildFile; fileRef = BBC172ED2B6657470044B194 /* imgui_tables.cpp */; };
		BBC172F32B6657640044B194 /* imgui_impl_opengl3.cpp in Sources */ = {isa = PBXBuildFile; fileRef = BBC172F12B6657640044B194 /* imgui_impl_opengl3.cpp */; };
		BBC172F52B6657710044B194 /* glad.cpp in Sources */ = {isa = PBXBuildFile; fileRef = BBC172F42B6657710044B194 /* glad.cpp */; };
		BBC172F72B6657BB0044B194 /* ImGuiFileDialog.cpp in Sources */ = {isa = PBXBuildFile; fileRef = BBC172F62B6657BB0044B194 /* ImGuiFileDialog.cpp */; };
		BBC172F92B6657C20044B194 /* MemoryLoader.cpp in Sources */ = {isa = PBXBuildFile; fileRef = BBC172F82B6657C20044B194 /* MemoryLoader.cpp */; };
		BBC172FB2B6658700044B194 /* imgui.cpp in Sources */ = {isa = PBXBuildFile; fileRef = BBC172FA2B6658700044B194 /* imgui.cpp */; };
		BBC172FD2B6658AD0044B194 /* imgui_impl_sdl2.cpp in Sources */ = {isa = PBXBuildFile; fileRef = BBC172FC2B6658AD0044B194 /* imgui_impl_sdl2.cpp */; };
		BBC43F6B2B98CDE50035071D /* MemoryManager.cpp in Sources */ = {isa = PBXBuildFile; fileRef = BBC43F6A2B98CDE50035071D /* MemoryManager.cpp */; };
		BBCF87052D8612E3002E26CD /* presets in CopyFiles */ = {isa = PBXBuildFile; fileRef = BBCF87042D8612E3002E26CD /* presets */; };
		BBCF87082D935D72002E26CD /* BasicQuad.cpp in Sources */ = {isa = PBXBuildFile; fileRef = BBCF87072D935D72002E26CD /* BasicQuad.cpp */; };
		BBD102082B7CF23A00360B33 /* CycleCounter.cpp in Sources */ = {isa = PBXBuildFile; fileRef = BBD102072B7CF23A00360B33 /* CycleCounter.cpp */; };
		BBD102112B829B7C00360B33 /* EventRecorder.cpp in Sources */ = {isa = PBXBuildFile; fileRef = BBD1020D2B829B7C00360B33 /* EventRecorder.cpp */; };
		BBE17D862C81CDCB008EF443 /* SSI263.cpp in Sources */ = {isa = PBXBuildFile; fileRef = BBE17D842C81CDCB008EF443 /* SSI263.cpp */; };
		BBE45C122D477211008D10A9 /* VidHdWindowBeam.cpp in Sources */ = {isa = PBXBuildFile; fileRef = BBE45C112D477211008D10A9 /* VidHdWindowBeam.cpp */; };
		BBF6D2C12C358F5000E85E1E /* SoundManager.cpp in Sources */ = {isa = PBXBuildFile; fileRef = BBF6D2BF2C358F5000E85E1E /* SoundManager.cpp */; };
		BBF6D2C82C35A1B900E85E1E /* recordings in CopyFiles */ = {isa = PBXBuildFile; fileRef = BBF6D2C72C35A1AE00E85E1E /* recordings */; };
		BBFA72372E634A3400605BA2 /* miniz.c in Sources */ = {isa = PBXBuildFile; fileRef = BBFA72362E634A3400605BA2 /* miniz.c */; };
/* End PBXBuildFile section */

/* Begin PBXCopyFilesBuildPhase section */
		BB8330D42B6645B300071F38 /* CopyFiles */ = {
			isa = PBXCopyFilesBuildPhase;
			buildActionMask = 12;
			dstPath = "";
			dstSubfolderSpec = 16;
			files = (
				BBCF87052D8612E3002E26CD /* presets in CopyFiles */,
				BB6B2FDD2CD17D03008BC3F2 /* samples in CopyFiles */,
				BBF6D2C82C35A1B900E85E1E /* recordings in CopyFiles */,
				BB01620B2B83643D00A3D503 /* assets in CopyFiles */,
				BB96E4092B66544900A3077C /* scripts in CopyFiles */,
				BB96E3FD2B66525300A3077C /* shaders in CopyFiles */,
			);
			runOnlyForDeploymentPostprocessing = 0;
		};
		BB96E3E42B664CDB00A3077C /* Embed Libraries */ = {
			isa = PBXCopyFilesBuildPhase;
			buildActionMask = 12;
			dstPath = "";
			dstSubfolderSpec = 10;
			files = (
				BB9F87252C4BEE920091F5C6 /* SDL2.framework in Embed Libraries */,
			);
			name = "Embed Libraries";
			runOnlyForDeploymentPostprocessing = 0;
		};
/* End PBXCopyFilesBuildPhase section */

/* Begin PBXFileReference section */
		BB006F4F2C3C2E49008BFFAF /* Ayumi.cpp */ = {isa = PBXFileReference; fileEncoding = 4; lastKnownFileType = sourcecode.cpp.cpp; path = Ayumi.cpp; sourceTree = "<group>"; };
		BB006F502C3C2E49008BFFAF /* MockingboardManager.h */ = {isa = PBXFileReference; fileEncoding = 4; lastKnownFileType = sourcecode.c.h; path = MockingboardManager.h; sourceTree = "<group>"; };
		BB006F512C3C2E49008BFFAF /* Ayumi.h */ = {isa = PBXFileReference; fileEncoding = 4; lastKnownFileType = sourcecode.c.h; path = Ayumi.h; sourceTree = "<group>"; };
		BB006F522C3C2E49008BFFAF /* MockingboardManager.cpp */ = {isa = PBXFileReference; fileEncoding = 4; lastKnownFileType = sourcecode.cpp.cpp; path = MockingboardManager.cpp; sourceTree = "<group>"; };
		BB044ABD2CEA74690002F6FA /* Ft3xxTypes.h */ = {isa = PBXFileReference; lastKnownFileType = sourcecode.c.h; path = Ft3xxTypes.h; sourceTree = "<group>"; };
		BB044ABE2CEA74690002F6FA /* ftd3xx.h */ = {isa = PBXFileReference; lastKnownFileType = sourcecode.c.h; path = ftd3xx.h; sourceTree = "<group>"; };
		BB044ABF2CEA74690002F6FA /* m6522.h */ = {isa = PBXFileReference; lastKnownFileType = sourcecode.c.h; path = m6522.h; sourceTree = "<group>"; };
		BB044AC02CF37F8F0002F6FA /* libftd3xx-static.a */ = {isa = PBXFileReference; lastKnownFileType = archive.ar; name = "libftd3xx-static.a"; path = "lib/OSX/libftd3xx-static.a"; sourceTree = "<group>"; };
		BB044AC42CF381F80002F6FA /* CoreFoundation.framework */ = {isa = PBXFileReference; lastKnownFileType = wrapper.framework; name = CoreFoundation.framework; path = System/Library/Frameworks/CoreFoundation.framework; sourceTree = SDKROOT; };
		BB044AC62CF382620002F6FA /* IOKit.framework */ = {isa = PBXFileReference; lastKnownFileType = wrapper.framework; name = IOKit.framework; path = System/Library/Frameworks/IOKit.framework; sourceTree = SDKROOT; };
		BB0E58192C7B2E8600B44B58 /* SSI263Phonemes.h */ = {isa = PBXFileReference; lastKnownFileType = sourcecode.c.h; path = SSI263Phonemes.h; sourceTree = "<group>"; };
		BB3B32772E3778C800610E82 /* LogTextManager.h */ = {isa = PBXFileReference; lastKnownFileType = sourcecode.c.h; path = LogTextManager.h; sourceTree = "<group>"; };
		BB3B32782E3778D400610E82 /* LogTextManager.cpp */ = {isa = PBXFileReference; lastKnownFileType = sourcecode.cpp.cpp; path = LogTextManager.cpp; sourceTree = "<group>"; };
		BB47D1A42BCC49B5008A6DD6 /* MemoryLoader.h */ = {isa = PBXFileReference; lastKnownFileType = sourcecode.c.h; name = MemoryLoader.h; path = extras/MemoryLoader.h; sourceTree = "<group>"; };
		BB58F41A2E291388004D62FC /* TimedTextManager.h */ = {isa = PBXFileReference; lastKnownFileType = sourcecode.c.h; path = TimedTextManager.h; sourceTree = "<group>"; };
		BB58F41B2E29173C004D62FC /* stb_truetype.h */ = {isa = PBXFileReference; lastKnownFileType = sourcecode.c.h; path = stb_truetype.h; sourceTree = "<group>"; };
		BB58F41C2E293B8E004D62FC /* TimedTextManager.cpp */ = {isa = PBXFileReference; lastKnownFileType = sourcecode.cpp.cpp; path = TimedTextManager.cpp; sourceTree = "<group>"; };
		BB64A7D02C391D580044E05B /* Makefile */ = {isa = PBXFileReference; lastKnownFileType = sourcecode.make; path = Makefile; sourceTree = "<group>"; };
		BB68B4C72C4248C400F96269 /* beeper.h */ = {isa = PBXFileReference; lastKnownFileType = sourcecode.c.h; path = beeper.h; sourceTree = "<group>"; };
		BB6B2FDC2CD17CD4008BC3F2 /* samples */ = {isa = PBXFileReference; lastKnownFileType = folder; path = samples; sourceTree = "<group>"; };
		BB6BE3142CC395F000901A03 /* libopencv_core.a */ = {isa = PBXFileReference; lastKnownFileType = archive.ar; name = libopencv_core.a; path = ../../../../../opt/homebrew/Cellar/opencv/4.10.0_11/lib/libopencv_core.a; sourceTree = "<group>"; };
		BB8330D62B6645B300071F38 /* SuperDuperDisplay */ = {isa = PBXFileReference; explicitFileType = "compiled.mach-o.executable"; includeInIndex = 0; path = SuperDuperDisplay; sourceTree = BUILT_PRODUCTS_DIR; };
		BB96E3EA2B6650BA00A3077C /* libz.tbd */ = {isa = PBXFileReference; lastKnownFileType = "sourcecode.text-based-dylib-definition"; name = libz.tbd; path = usr/lib/libz.tbd; sourceTree = SDKROOT; };
		BB96E3EC2B66513700A3077C /* imgui_demo.cpp */ = {isa = PBXFileReference; lastKnownFileType = sourcecode.cpp.cpp; name = imgui_demo.cpp; path = imgui/imgui_demo.cpp; sourceTree = "<group>"; };
		BB96E3F22B66515400A3077C /* imgui_widgets.cpp */ = {isa = PBXFileReference; lastKnownFileType = sourcecode.cpp.cpp; name = imgui_widgets.cpp; path = imgui/imgui_widgets.cpp; sourceTree = "<group>"; };
		BB96E4082B66544900A3077C /* scripts */ = {isa = PBXFileReference; lastKnownFileType = folder; path = scripts; sourceTree = "<group>"; };
		BB9F87222C4BECEE0091F5C6 /* SDL2.framework */ = {isa = PBXFileReference; lastKnownFileType = wrapper.framework; name = SDL2.framework; path = ../../../../../Library/Frameworks/SDL2.framework; sourceTree = "<group>"; };
		BB9F87262C4F09870091F5C6 /* MainMenu.cpp */ = {isa = PBXFileReference; lastKnownFileType = sourcecode.cpp.cpp; path = MainMenu.cpp; sourceTree = "<group>"; };
		BB9F87272C4F09870091F5C6 /* MainMenu.h */ = {isa = PBXFileReference; lastKnownFileType = sourcecode.c.h; path = MainMenu.h; sourceTree = "<group>"; };
		BBB4E5BF2B83ECCE00764C50 /* A2WindowBeam.cpp */ = {isa = PBXFileReference; lastKnownFileType = sourcecode.cpp.cpp; path = A2WindowBeam.cpp; sourceTree = "<group>"; };
		BBB4E5C02B83ECCE00764C50 /* A2WindowBeam.h */ = {isa = PBXFileReference; lastKnownFileType = sourcecode.c.h; path = A2WindowBeam.h; sourceTree = "<group>"; };
		BBB524F82B6648A100A65C62 /* shader.h */ = {isa = PBXFileReference; fileEncoding = 4; lastKnownFileType = sourcecode.c.h; path = shader.h; sourceTree = "<group>"; };
		BBB524F92B6648A100A65C62 /* MosaicMesh.h */ = {isa = PBXFileReference; fileEncoding = 4; lastKnownFileType = sourcecode.c.h; path = MosaicMesh.h; sourceTree = "<group>"; };
		BBB524FA2B6648A100A65C62 /* OpenGLHelper.h */ = {isa = PBXFileReference; fileEncoding = 4; lastKnownFileType = sourcecode.c.h; path = OpenGLHelper.h; sourceTree = "<group>"; };
		BBB524FB2B6648A100A65C62 /* PostProcessor.h */ = {isa = PBXFileReference; fileEncoding = 4; lastKnownFileType = sourcecode.c.h; path = PostProcessor.h; sourceTree = "<group>"; };
		BBB524FC2B6648A100A65C62 /* A2VideoManager.h */ = {isa = PBXFileReference; fileEncoding = 4; lastKnownFileType = sourcecode.c.h; path = A2VideoManager.h; sourceTree = "<group>"; };
		BBB524FE2B6648A100A65C62 /* ProjectConfig.xconfig */ = {isa = PBXFileReference; fileEncoding = 4; lastKnownFileType = text; path = ProjectConfig.xconfig; sourceTree = "<group>"; };
		BBB524FF2B6648A100A65C62 /* SDHRWindow.h */ = {isa = PBXFileReference; fileEncoding = 4; lastKnownFileType = sourcecode.c.h; path = SDHRWindow.h; sourceTree = "<group>"; };
		BBB525002B6648A200A65C62 /* shaders */ = {isa = PBXFileReference; lastKnownFileType = folder; path = shaders; sourceTree = "<group>"; };
		BBB525012B6648A200A65C62 /* SDHRNetworking.h */ = {isa = PBXFileReference; fileEncoding = 4; lastKnownFileType = sourcecode.c.h; path = SDHRNetworking.h; sourceTree = "<group>"; };
		BBB525022B6648A200A65C62 /* A2VideoManager.cpp */ = {isa = PBXFileReference; fileEncoding = 4; lastKnownFileType = sourcecode.cpp.cpp; path = A2VideoManager.cpp; sourceTree = "<group>"; };
		BBB525032B6648A200A65C62 /* GRAddr2XY.h */ = {isa = PBXFileReference; fileEncoding = 4; lastKnownFileType = sourcecode.c.h; path = GRAddr2XY.h; sourceTree = "<group>"; };
		BBB525042B6648A200A65C62 /* shader.cpp */ = {isa = PBXFileReference; fileEncoding = 4; lastKnownFileType = sourcecode.cpp.cpp; path = shader.cpp; sourceTree = "<group>"; };
		BBB525052B6648A200A65C62 /* stb_image.h */ = {isa = PBXFileReference; fileEncoding = 4; lastKnownFileType = sourcecode.c.h; path = stb_image.h; sourceTree = "<group>"; };
		BBB525062B6648A200A65C62 /* imgui.ini */ = {isa = PBXFileReference; fileEncoding = 4; lastKnownFileType = text; path = imgui.ini; sourceTree = "<group>"; };
		BBB525072B6648A200A65C62 /* my_imgui_config.h */ = {isa = PBXFileReference; fileEncoding = 4; lastKnownFileType = sourcecode.c.h; path = my_imgui_config.h; sourceTree = "<group>"; };
		BBB525082B6648A200A65C62 /* SDHRManager.cpp */ = {isa = PBXFileReference; fileEncoding = 4; lastKnownFileType = sourcecode.cpp.cpp; path = SDHRManager.cpp; sourceTree = "<group>"; };
		BBB5250A2B6648A200A65C62 /* camera.h */ = {isa = PBXFileReference; fileEncoding = 4; lastKnownFileType = sourcecode.c.h; path = camera.h; sourceTree = "<group>"; };
		BBB5250B2B6648A200A65C62 /* MosaicMesh.cpp */ = {isa = PBXFileReference; fileEncoding = 4; lastKnownFileType = sourcecode.cpp.cpp; path = MosaicMesh.cpp; sourceTree = "<group>"; };
		BBB5250C2B6648A200A65C62 /* OpenGLHelper.cpp */ = {isa = PBXFileReference; fileEncoding = 4; lastKnownFileType = sourcecode.cpp.cpp; path = OpenGLHelper.cpp; sourceTree = "<group>"; };
		BBB5250D2B6648A200A65C62 /* SDHRManager.h */ = {isa = PBXFileReference; fileEncoding = 4; lastKnownFileType = sourcecode.c.h; path = SDHRManager.h; sourceTree = "<group>"; };
		BBB5250E2B6648A200A65C62 /* SDHRWindow.cpp */ = {isa = PBXFileReference; fileEncoding = 4; lastKnownFileType = sourcecode.cpp.cpp; path = SDHRWindow.cpp; sourceTree = "<group>"; };
		BBB5250F2B6648A200A65C62 /* extras */ = {isa = PBXFileReference; lastKnownFileType = folder; path = extras; sourceTree = "<group>"; };
		BBB525102B6648A200A65C62 /* common.h */ = {isa = PBXFileReference; fileEncoding = 4; lastKnownFileType = sourcecode.c.h; path = common.h; sourceTree = "<group>"; };
		BBB525112B6648A200A65C62 /* imgui_memory_editor.h */ = {isa = PBXFileReference; fileEncoding = 4; lastKnownFileType = sourcecode.c.h; path = imgui_memory_editor.h; sourceTree = "<group>"; };
		BBB525132B6648A200A65C62 /* glad */ = {isa = PBXFileReference; lastKnownFileType = folder; path = glad; sourceTree = "<group>"; };
		BBB525142B6648A200A65C62 /* main.cpp */ = {isa = PBXFileReference; fileEncoding = 4; lastKnownFileType = sourcecode.cpp.cpp; path = main.cpp; sourceTree = "<group>"; };
		BBB525152B6648A200A65C62 /* ConcurrentQueue.h */ = {isa = PBXFileReference; fileEncoding = 4; lastKnownFileType = sourcecode.c.h; path = ConcurrentQueue.h; sourceTree = "<group>"; };
		BBB525162B6648A200A65C62 /* SDHRNetworking.cpp */ = {isa = PBXFileReference; fileEncoding = 4; lastKnownFileType = sourcecode.cpp.cpp; path = SDHRNetworking.cpp; sourceTree = "<group>"; };
		BBB525192B6648A200A65C62 /* glm */ = {isa = PBXFileReference; lastKnownFileType = folder; path = glm; sourceTree = "<group>"; };
		BBB5251A2B6648A200A65C62 /* PostProcessor.cpp */ = {isa = PBXFileReference; fileEncoding = 4; lastKnownFileType = sourcecode.cpp.cpp; path = PostProcessor.cpp; sourceTree = "<group>"; };
		BBB525282B664A7D00A65C62 /* OpenGL.framework */ = {isa = PBXFileReference; lastKnownFileType = wrapper.framework; name = OpenGL.framework; path = System/Library/Frameworks/OpenGL.framework; sourceTree = SDKROOT; };
		BBB5252A2B664A8F00A65C62 /* CoreVideo.framework */ = {isa = PBXFileReference; lastKnownFileType = wrapper.framework; name = CoreVideo.framework; path = System/Library/Frameworks/CoreVideo.framework; sourceTree = SDKROOT; };
		BBBB65172E07022C00762387 /* A2WindowRGB.h */ = {isa = PBXFileReference; lastKnownFileType = sourcecode.c.h; path = A2WindowRGB.h; sourceTree = "<group>"; };
		BBBB65182E07022C00762387 /* A2WindowRGB.cpp */ = {isa = PBXFileReference; lastKnownFileType = sourcecode.cpp.cpp; path = A2WindowRGB.cpp; sourceTree = "<group>"; };
		BBC172EC2B6657460044B194 /* imgui_draw.cpp */ = {isa = PBXFileReference; lastKnownFileType = sourcecode.cpp.cpp; name = imgui_draw.cpp; path = imgui/imgui_draw.cpp; sourceTree = "<group>"; };
		BBC172ED2B6657470044B194 /* imgui_tables.cpp */ = {isa = PBXFileReference; lastKnownFileType = sourcecode.cpp.cpp; name = imgui_tables.cpp; path = imgui/imgui_tables.cpp; sourceTree = "<group>"; };
		BBC172F02B6657640044B194 /* imgui_impl_sdlrenderer2.cpp */ = {isa = PBXFileReference; lastKnownFileType = sourcecode.cpp.cpp; name = imgui_impl_sdlrenderer2.cpp; path = imgui/backends/imgui_impl_sdlrenderer2.cpp; sourceTree = "<group>"; };
		BBC172F12B6657640044B194 /* imgui_impl_opengl3.cpp */ = {isa = PBXFileReference; lastKnownFileType = sourcecode.cpp.cpp; name = imgui_impl_opengl3.cpp; path = imgui/backends/imgui_impl_opengl3.cpp; sourceTree = "<group>"; };
		BBC172F42B6657710044B194 /* glad.cpp */ = {isa = PBXFileReference; lastKnownFileType = sourcecode.cpp.cpp; name = glad.cpp; path = glad/glad.cpp; sourceTree = "<group>"; };
		BBC172F62B6657BB0044B194 /* ImGuiFileDialog.cpp */ = {isa = PBXFileReference; lastKnownFileType = sourcecode.cpp.cpp; name = ImGuiFileDialog.cpp; path = extras/ImGuiFileDialog.cpp; sourceTree = "<group>"; };
		BBC172F82B6657C20044B194 /* MemoryLoader.cpp */ = {isa = PBXFileReference; lastKnownFileType = sourcecode.cpp.cpp; name = MemoryLoader.cpp; path = extras/MemoryLoader.cpp; sourceTree = "<group>"; };
		BBC172FA2B6658700044B194 /* imgui.cpp */ = {isa = PBXFileReference; lastKnownFileType = sourcecode.cpp.cpp; name = imgui.cpp; path = imgui/imgui.cpp; sourceTree = "<group>"; };
		BBC172FC2B6658AD0044B194 /* imgui_impl_sdl2.cpp */ = {isa = PBXFileReference; lastKnownFileType = sourcecode.cpp.cpp; name = imgui_impl_sdl2.cpp; path = imgui/backends/imgui_impl_sdl2.cpp; sourceTree = "<group>"; };
		BBC43F692B98CDE50035071D /* MemoryManager.h */ = {isa = PBXFileReference; fileEncoding = 4; lastKnownFileType = sourcecode.c.h; path = MemoryManager.h; sourceTree = "<group>"; };
		BBC43F6A2B98CDE50035071D /* MemoryManager.cpp */ = {isa = PBXFileReference; fileEncoding = 4; lastKnownFileType = sourcecode.cpp.cpp; path = MemoryManager.cpp; sourceTree = "<group>"; };
		BBC48E172B71DA7D00D70DBD /* nlohmann */ = {isa = PBXFileReference; lastKnownFileType = folder; path = nlohmann; sourceTree = "<group>"; };
		BBCF87042D8612E3002E26CD /* presets */ = {isa = PBXFileReference; lastKnownFileType = folder; path = presets; sourceTree = "<group>"; };
		BBCF87062D935D72002E26CD /* BasicQuad.h */ = {isa = PBXFileReference; lastKnownFileType = sourcecode.c.h; path = BasicQuad.h; sourceTree = "<group>"; };
		BBCF87072D935D72002E26CD /* BasicQuad.cpp */ = {isa = PBXFileReference; lastKnownFileType = sourcecode.cpp.cpp; path = BasicQuad.cpp; sourceTree = "<group>"; };
		BBD102062B7CF23100360B33 /* CycleCounter.h */ = {isa = PBXFileReference; fileEncoding = 4; lastKnownFileType = sourcecode.c.h; path = CycleCounter.h; sourceTree = "<group>"; };
		BBD102072B7CF23A00360B33 /* CycleCounter.cpp */ = {isa = PBXFileReference; fileEncoding = 4; lastKnownFileType = sourcecode.cpp.cpp; path = CycleCounter.cpp; sourceTree = "<group>"; };
		BBD1020D2B829B7C00360B33 /* EventRecorder.cpp */ = {isa = PBXFileReference; fileEncoding = 4; lastKnownFileType = sourcecode.cpp.cpp; path = EventRecorder.cpp; sourceTree = "<group>"; };
		BBD1020E2B829B7C00360B33 /* README.md */ = {isa = PBXFileReference; fileEncoding = 4; lastKnownFileType = net.daringfireball.markdown; path = README.md; sourceTree = "<group>"; };
		BBD1020F2B829B7C00360B33 /* EventRecorder.h */ = {isa = PBXFileReference; fileEncoding = 4; lastKnownFileType = sourcecode.c.h; path = EventRecorder.h; sourceTree = "<group>"; };
		BBD102102B829B7C00360B33 /* ByteBuffer.h */ = {isa = PBXFileReference; fileEncoding = 4; lastKnownFileType = sourcecode.c.h; path = ByteBuffer.h; sourceTree = "<group>"; };
		BBD102132B829BAE00360B33 /* assets */ = {isa = PBXFileReference; lastKnownFileType = folder; path = assets; sourceTree = "<group>"; };
		BBE17D842C81CDCB008EF443 /* SSI263.cpp */ = {isa = PBXFileReference; lastKnownFileType = sourcecode.cpp.cpp; path = SSI263.cpp; sourceTree = "<group>"; };
		BBE17D852C81CDCB008EF443 /* SSI263.h */ = {isa = PBXFileReference; lastKnownFileType = sourcecode.c.h; path = SSI263.h; sourceTree = "<group>"; };
		BBE45C102D477211008D10A9 /* VidHdWindowBeam.h */ = {isa = PBXFileReference; lastKnownFileType = sourcecode.c.h; path = VidHdWindowBeam.h; sourceTree = "<group>"; };
		BBE45C112D477211008D10A9 /* VidHdWindowBeam.cpp */ = {isa = PBXFileReference; lastKnownFileType = sourcecode.cpp.cpp; path = VidHdWindowBeam.cpp; sourceTree = "<group>"; };
		BBF6D2BF2C358F5000E85E1E /* SoundManager.cpp */ = {isa = PBXFileReference; fileEncoding = 4; lastKnownFileType = sourcecode.cpp.cpp; path = SoundManager.cpp; sourceTree = "<group>"; };
		BBF6D2C02C358F5000E85E1E /* SoundManager.h */ = {isa = PBXFileReference; fileEncoding = 4; lastKnownFileType = sourcecode.c.h; path = SoundManager.h; sourceTree = "<group>"; };
		BBF6D2C72C35A1AE00E85E1E /* recordings */ = {isa = PBXFileReference; lastKnownFileType = folder; path = recordings; sourceTree = "<group>"; };
		BBFA72352E634A3400605BA2 /* miniz.h */ = {isa = PBXFileReference; lastKnownFileType = sourcecode.c.h; path = miniz.h; sourceTree = "<group>"; };
		BBFA72362E634A3400605BA2 /* miniz.c */ = {isa = PBXFileReference; lastKnownFileType = sourcecode.c.c; path = miniz.c; sourceTree = "<group>"; };
/* End PBXFileReference section */

/* Begin PBXFrameworksBuildPhase section */
		BB8330D32B6645B300071F38 /* Frameworks */ = {
			isa = PBXFrameworksBuildPhase;
			buildActionMask = 2147483647;
			files = (
				BB044AC12CF37F900002F6FA /* libftd3xx-static.a in Frameworks */,
				BB96E3EB2B6650BA00A3077C /* libz.tbd in Frameworks */,
				BBB525292B664A7D00A65C62 /* OpenGL.framework in Frameworks */,
				BB044AC72CF382620002F6FA /* IOKit.framework in Frameworks */,
				BB044AC52CF381F80002F6FA /* CoreFoundation.framework in Frameworks */,
				BBB5252B2B664A8F00A65C62 /* CoreVideo.framework in Frameworks */,
				BB6BE3152CC3963B00901A03 /* libopencv_core.a in Frameworks */,
				BB9F87242C4BEE920091F5C6 /* SDL2.framework in Frameworks */,
			);
			runOnlyForDeploymentPostprocessing = 0;
		};
/* End PBXFrameworksBuildPhase section */

/* Begin PBXGroup section */
		BB8330CD2B6645B300071F38 = {
			isa = PBXGroup;
			children = (
				BBCF87042D8612E3002E26CD /* presets */,
				BBB525272B664A7D00A65C62 /* Frameworks */,
				BBC172F42B6657710044B194 /* glad.cpp */,
				BB96E3EC2B66513700A3077C /* imgui_demo.cpp */,
				BBC172EC2B6657460044B194 /* imgui_draw.cpp */,
				BBC172F12B6657640044B194 /* imgui_impl_opengl3.cpp */,
				BBC172FC2B6658AD0044B194 /* imgui_impl_sdl2.cpp */,
				BBC172F02B6657640044B194 /* imgui_impl_sdlrenderer2.cpp */,
				BBC172ED2B6657470044B194 /* imgui_tables.cpp */,
				BB96E3F22B66515400A3077C /* imgui_widgets.cpp */,
				BBC172FA2B6658700044B194 /* imgui.cpp */,
				BBC172F62B6657BB0044B194 /* ImGuiFileDialog.cpp */,
				BB8330D72B6645B300071F38 /* Products */,
				BBF6D2C72C35A1AE00E85E1E /* recordings */,
				BB6B2FDC2CD17CD4008BC3F2 /* samples */,
				BB96E4082B66544900A3077C /* scripts */,
				BB8330D82B6645B300071F38 /* SuperDuperDisplay */,
			);
			sourceTree = "<group>";
		};
		BB8330D72B6645B300071F38 /* Products */ = {
			isa = PBXGroup;
			children = (
				BB8330D62B6645B300071F38 /* SuperDuperDisplay */,
			);
			name = Products;
			sourceTree = "<group>";
		};
		BB8330D82B6645B300071F38 /* SuperDuperDisplay */ = {
			isa = PBXGroup;
			children = (
				BBB524FC2B6648A100A65C62 /* A2VideoManager.h */,
				BBB525022B6648A200A65C62 /* A2VideoManager.cpp */,
				BBB4E5C02B83ECCE00764C50 /* A2WindowBeam.h */,
				BBB4E5BF2B83ECCE00764C50 /* A2WindowBeam.cpp */,
				BBBB65172E07022C00762387 /* A2WindowRGB.h */,
				BBBB65182E07022C00762387 /* A2WindowRGB.cpp */,
				BBD102132B829BAE00360B33 /* assets */,
				BB006F512C3C2E49008BFFAF /* Ayumi.h */,
				BB006F4F2C3C2E49008BFFAF /* Ayumi.cpp */,
				BBCF87062D935D72002E26CD /* BasicQuad.h */,
				BBCF87072D935D72002E26CD /* BasicQuad.cpp */,
				BB68B4C72C4248C400F96269 /* beeper.h */,
				BBD102102B829B7C00360B33 /* ByteBuffer.h */,
				BBB5250A2B6648A200A65C62 /* camera.h */,
				BBB525102B6648A200A65C62 /* common.h */,
				BBB525152B6648A200A65C62 /* ConcurrentQueue.h */,
				BBD102062B7CF23100360B33 /* CycleCounter.h */,
				BBD102072B7CF23A00360B33 /* CycleCounter.cpp */,
				BBD1020F2B829B7C00360B33 /* EventRecorder.h */,
				BBD1020D2B829B7C00360B33 /* EventRecorder.cpp */,
				BBB5250F2B6648A200A65C62 /* extras */,
				BB044ABD2CEA74690002F6FA /* Ft3xxTypes.h */,
				BB044ABE2CEA74690002F6FA /* ftd3xx.h */,
				BBB525132B6648A200A65C62 /* glad */,
				BBB525192B6648A200A65C62 /* glm */,
				BBB525032B6648A200A65C62 /* GRAddr2XY.h */,
				BBB525062B6648A200A65C62 /* imgui.ini */,
				BBB525112B6648A200A65C62 /* imgui_memory_editor.h */,
				BB3B32772E3778C800610E82 /* LogTextManager.h */,
				BB3B32782E3778D400610E82 /* LogTextManager.cpp */,
				BB044ABF2CEA74690002F6FA /* m6522.h */,
				BBB525142B6648A200A65C62 /* main.cpp */,
				BB9F87272C4F09870091F5C6 /* MainMenu.h */,
				BB9F87262C4F09870091F5C6 /* MainMenu.cpp */,
				BB64A7D02C391D580044E05B /* Makefile */,
				BB47D1A42BCC49B5008A6DD6 /* MemoryLoader.h */,
				BBC172F82B6657C20044B194 /* MemoryLoader.cpp */,
				BBC43F692B98CDE50035071D /* MemoryManager.h */,
				BBC43F6A2B98CDE50035071D /* MemoryManager.cpp */,
				BBFA72352E634A3400605BA2 /* miniz.h */,
				BBFA72362E634A3400605BA2 /* miniz.c */,
				BB006F502C3C2E49008BFFAF /* MockingboardManager.h */,
				BB006F522C3C2E49008BFFAF /* MockingboardManager.cpp */,
				BBB524F92B6648A100A65C62 /* MosaicMesh.h */,
				BBB5250B2B6648A200A65C62 /* MosaicMesh.cpp */,
				BBB525072B6648A200A65C62 /* my_imgui_config.h */,
				BBC48E172B71DA7D00D70DBD /* nlohmann */,
				BBB524FA2B6648A100A65C62 /* OpenGLHelper.h */,
				BBB5250C2B6648A200A65C62 /* OpenGLHelper.cpp */,
				BBB524FB2B6648A100A65C62 /* PostProcessor.h */,
				BBB5251A2B6648A200A65C62 /* PostProcessor.cpp */,
				BBB524FE2B6648A100A65C62 /* ProjectConfig.xconfig */,
				BBD1020E2B829B7C00360B33 /* README.md */,
				BBB5250D2B6648A200A65C62 /* SDHRManager.h */,
				BBB525082B6648A200A65C62 /* SDHRManager.cpp */,
				BBB525012B6648A200A65C62 /* SDHRNetworking.h */,
				BBB525162B6648A200A65C62 /* SDHRNetworking.cpp */,
				BBB524FF2B6648A100A65C62 /* SDHRWindow.h */,
				BBB5250E2B6648A200A65C62 /* SDHRWindow.cpp */,
				BBB524F82B6648A100A65C62 /* shader.h */,
				BBB525042B6648A200A65C62 /* shader.cpp */,
				BBB525002B6648A200A65C62 /* shaders */,
				BBF6D2C02C358F5000E85E1E /* SoundManager.h */,
				BBF6D2BF2C358F5000E85E1E /* SoundManager.cpp */,
				BBE17D852C81CDCB008EF443 /* SSI263.h */,
				BBE17D842C81CDCB008EF443 /* SSI263.cpp */,
				BB0E58192C7B2E8600B44B58 /* SSI263Phonemes.h */,
				BBB525052B6648A200A65C62 /* stb_image.h */,
				BB58F41B2E29173C004D62FC /* stb_truetype.h */,
				BB58F41A2E291388004D62FC /* TimedTextManager.h */,
				BB58F41C2E293B8E004D62FC /* TimedTextManager.cpp */,
				BBE45C102D477211008D10A9 /* VidHdWindowBeam.h */,
				BBE45C112D477211008D10A9 /* VidHdWindowBeam.cpp */,
			);
			name = SuperDuperDisplay;
			sourceTree = "<group>";
		};
		BBB525272B664A7D00A65C62 /* Frameworks */ = {
			isa = PBXGroup;
			children = (
				BB044AC62CF382620002F6FA /* IOKit.framework */,
				BB044AC42CF381F80002F6FA /* CoreFoundation.framework */,
				BB044AC02CF37F8F0002F6FA /* libftd3xx-static.a */,
				BB6BE3142CC395F000901A03 /* libopencv_core.a */,
				BB96E3EA2B6650BA00A3077C /* libz.tbd */,
				BB9F87222C4BECEE0091F5C6 /* SDL2.framework */,
				BBB5252A2B664A8F00A65C62 /* CoreVideo.framework */,
				BBB525282B664A7D00A65C62 /* OpenGL.framework */,
			);
			name = Frameworks;
			sourceTree = "<group>";
		};
/* End PBXGroup section */

/* Begin PBXNativeTarget section */
		BB8330D52B6645B300071F38 /* SuperDuperDisplay */ = {
			isa = PBXNativeTarget;
			buildConfigurationList = BB8330DD2B6645B300071F38 /* Build configuration list for PBXNativeTarget "SuperDuperDisplay" */;
			buildPhases = (
				BB8330D22B6645B300071F38 /* Sources */,
				BB8330D32B6645B300071F38 /* Frameworks */,
				BB96E3E42B664CDB00A3077C /* Embed Libraries */,
				BB8330D42B6645B300071F38 /* CopyFiles */,
			);
			buildRules = (
			);
			dependencies = (
			);
			name = SuperDuperDisplay;
			productName = SuperDuperDisplay;
			productReference = BB8330D62B6645B300071F38 /* SuperDuperDisplay */;
			productType = "com.apple.product-type.tool";
		};
/* End PBXNativeTarget section */

/* Begin PBXProject section */
		BB8330CE2B6645B300071F38 /* Project object */ = {
			isa = PBXProject;
			attributes = {
				BuildIndependentTargetsInParallel = 1;
				LastUpgradeCheck = 1600;
				TargetAttributes = {
					BB8330D52B6645B300071F38 = {
						CreatedOnToolsVersion = 15.2;
					};
				};
			};
			buildConfigurationList = BB8330D12B6645B300071F38 /* Build configuration list for PBXProject "SuperDuperDisplay" */;
			compatibilityVersion = "Xcode 14.0";
			developmentRegion = en;
			hasScannedForEncodings = 0;
			knownRegions = (
				en,
				Base,
			);
			mainGroup = BB8330CD2B6645B300071F38;
			productRefGroup = BB8330D72B6645B300071F38 /* Products */;
			projectDirPath = "";
			projectRoot = "";
			targets = (
				BB8330D52B6645B300071F38 /* SuperDuperDisplay */,
			);
		};
/* End PBXProject section */

/* Begin PBXSourcesBuildPhase section */
		BB8330D22B6645B300071F38 /* Sources */ = {
			isa = PBXSourcesBuildPhase;
			buildActionMask = 2147483647;
			files = (
				BBC172F52B6657710044B194 /* glad.cpp in Sources */,
				BB58F41D2E293B8E004D62FC /* TimedTextManager.cpp in Sources */,
				BBC172F32B6657640044B194 /* imgui_impl_opengl3.cpp in Sources */,
				BBC172FD2B6658AD0044B194 /* imgui_impl_sdl2.cpp in Sources */,
				BBC172FB2B6658700044B194 /* imgui.cpp in Sources */,
				BBC172EE2B6657470044B194 /* imgui_draw.cpp in Sources */,
				BBC172EF2B6657470044B194 /* imgui_tables.cpp in Sources */,
				BB96E3ED2B66513700A3077C /* imgui_demo.cpp in Sources */,
				BB96E3F32B66515400A3077C /* imgui_widgets.cpp in Sources */,
				BBC172F72B6657BB0044B194 /* ImGuiFileDialog.cpp in Sources */,
				BBC172F92B6657C20044B194 /* MemoryLoader.cpp in Sources */,
				BB9F87282C4F09870091F5C6 /* MainMenu.cpp in Sources */,
				BBD102112B829B7C00360B33 /* EventRecorder.cpp in Sources */,
				BB006F532C3C2E49008BFFAF /* Ayumi.cpp in Sources */,
				BBB525262B6648A200A65C62 /* PostProcessor.cpp in Sources */,
				BBD102082B7CF23A00360B33 /* CycleCounter.cpp in Sources */,
				BBCF87082D935D72002E26CD /* BasicQuad.cpp in Sources */,
				BBF6D2C12C358F5000E85E1E /* SoundManager.cpp in Sources */,
				BBB525222B6648A200A65C62 /* SDHRWindow.cpp in Sources */,
				BBC43F6B2B98CDE50035071D /* MemoryManager.cpp in Sources */,
				BBB525202B6648A200A65C62 /* MosaicMesh.cpp in Sources */,
				BBB525232B6648A200A65C62 /* main.cpp in Sources */,
				BBBB65192E07022C00762387 /* A2WindowRGB.cpp in Sources */,
				BBB5251D2B6648A200A65C62 /* A2VideoManager.cpp in Sources */,
				BBB5251F2B6648A200A65C62 /* SDHRManager.cpp in Sources */,
				BBB525242B6648A200A65C62 /* SDHRNetworking.cpp in Sources */,
				BBE45C122D477211008D10A9 /* VidHdWindowBeam.cpp in Sources */,
				BBB525212B6648A200A65C62 /* OpenGLHelper.cpp in Sources */,
				BB3B32792E3778D700610E82 /* LogTextManager.cpp in Sources */,
				BB006F542C3C2E49008BFFAF /* MockingboardManager.cpp in Sources */,
				BBE17D862C81CDCB008EF443 /* SSI263.cpp in Sources */,
				BBB5251E2B6648A200A65C62 /* shader.cpp in Sources */,
				BBB238ED2B8DD3B200DFEE08 /* A2WindowBeam.cpp in Sources */,
				BBFA72372E634A3400605BA2 /* miniz.c in Sources */,
			);
			runOnlyForDeploymentPostprocessing = 0;
		};
/* End PBXSourcesBuildPhase section */

/* Begin XCBuildConfiguration section */
		BB8330DB2B6645B300071F38 /* Debug */ = {
			isa = XCBuildConfiguration;
			buildSettings = {
				ALWAYS_SEARCH_USER_PATHS = NO;
				ASSETCATALOG_COMPILER_GENERATE_SWIFT_ASSET_SYMBOL_EXTENSIONS = YES;
				CLANG_ANALYZER_NONNULL = YES;
				CLANG_ANALYZER_NUMBER_OBJECT_CONVERSION = YES_AGGRESSIVE;
				CLANG_CXX_LANGUAGE_STANDARD = "gnu++20";
				CLANG_ENABLE_MODULES = YES;
				CLANG_ENABLE_OBJC_ARC = YES;
				CLANG_ENABLE_OBJC_WEAK = YES;
				CLANG_WARN_BLOCK_CAPTURE_AUTORELEASING = YES;
				CLANG_WARN_BOOL_CONVERSION = YES;
				CLANG_WARN_COMMA = YES;
				CLANG_WARN_CONSTANT_CONVERSION = YES;
				CLANG_WARN_DEPRECATED_OBJC_IMPLEMENTATIONS = YES;
				CLANG_WARN_DIRECT_OBJC_ISA_USAGE = YES_ERROR;
				CLANG_WARN_DOCUMENTATION_COMMENTS = YES;
				CLANG_WARN_EMPTY_BODY = YES;
				CLANG_WARN_ENUM_CONVERSION = YES;
				CLANG_WARN_INFINITE_RECURSION = YES;
				CLANG_WARN_INT_CONVERSION = YES;
				CLANG_WARN_NON_LITERAL_NULL_CONVERSION = YES;
				CLANG_WARN_OBJC_IMPLICIT_RETAIN_SELF = YES;
				CLANG_WARN_OBJC_LITERAL_CONVERSION = YES;
				CLANG_WARN_OBJC_ROOT_CLASS = YES_ERROR;
				CLANG_WARN_QUOTED_INCLUDE_IN_FRAMEWORK_HEADER = YES;
				CLANG_WARN_RANGE_LOOP_ANALYSIS = YES;
				CLANG_WARN_STRICT_PROTOTYPES = YES;
				CLANG_WARN_SUSPICIOUS_MOVE = YES;
				CLANG_WARN_UNGUARDED_AVAILABILITY = YES_AGGRESSIVE;
				CLANG_WARN_UNREACHABLE_CODE = YES;
				CLANG_WARN__DUPLICATE_METHOD_MATCH = YES;
				COPY_PHASE_STRIP = NO;
				DEAD_CODE_STRIPPING = YES;
				DEBUG_INFORMATION_FORMAT = dwarf;
				ENABLE_STRICT_OBJC_MSGSEND = YES;
				ENABLE_TESTABILITY = YES;
				ENABLE_USER_SCRIPT_SANDBOXING = YES;
				GCC_C_LANGUAGE_STANDARD = gnu17;
				GCC_DYNAMIC_NO_PIC = NO;
				GCC_NO_COMMON_BLOCKS = YES;
				GCC_OPTIMIZATION_LEVEL = 0;
				GCC_PREPROCESSOR_DEFINITIONS = "DEBUG=1";
				GCC_WARN_64_TO_32_BIT_CONVERSION = YES;
				GCC_WARN_ABOUT_RETURN_TYPE = YES_ERROR;
				GCC_WARN_UNDECLARED_SELECTOR = YES;
				GCC_WARN_UNINITIALIZED_AUTOS = YES_AGGRESSIVE;
				GCC_WARN_UNUSED_FUNCTION = YES;
				GCC_WARN_UNUSED_VARIABLE = YES;
				GENERATE_PROFILING_CODE = YES;
				LOCALIZATION_PREFERS_STRING_CATALOGS = YES;
				MACOSX_DEPLOYMENT_TARGET = 14.2;
				MTL_ENABLE_DEBUG_INFO = INCLUDE_SOURCE;
				MTL_FAST_MATH = YES;
				ONLY_ACTIVE_ARCH = YES;
				OTHER_LDFLAGS = "";
				SDKROOT = macosx;
				SYSTEM_HEADER_SEARCH_PATHS = (
					"$(PROJECT_DIR)/glad",
					"$(PROJECT_DIR)/imgui/backends",
					"$(PROJECT_DIR)/imgui",
					/opt/homebrew/include/SDL2,
				);
			};
			name = Debug;
		};
		BB8330DC2B6645B300071F38 /* Release */ = {
			isa = XCBuildConfiguration;
			buildSettings = {
				ALWAYS_SEARCH_USER_PATHS = NO;
				ASSETCATALOG_COMPILER_GENERATE_SWIFT_ASSET_SYMBOL_EXTENSIONS = YES;
				CLANG_ANALYZER_NONNULL = YES;
				CLANG_ANALYZER_NUMBER_OBJECT_CONVERSION = YES_AGGRESSIVE;
				CLANG_CXX_LANGUAGE_STANDARD = "gnu++20";
				CLANG_ENABLE_MODULES = YES;
				CLANG_ENABLE_OBJC_ARC = YES;
				CLANG_ENABLE_OBJC_WEAK = YES;
				CLANG_WARN_BLOCK_CAPTURE_AUTORELEASING = YES;
				CLANG_WARN_BOOL_CONVERSION = YES;
				CLANG_WARN_COMMA = YES;
				CLANG_WARN_CONSTANT_CONVERSION = YES;
				CLANG_WARN_DEPRECATED_OBJC_IMPLEMENTATIONS = YES;
				CLANG_WARN_DIRECT_OBJC_ISA_USAGE = YES_ERROR;
				CLANG_WARN_DOCUMENTATION_COMMENTS = YES;
				CLANG_WARN_EMPTY_BODY = YES;
				CLANG_WARN_ENUM_CONVERSION = YES;
				CLANG_WARN_INFINITE_RECURSION = YES;
				CLANG_WARN_INT_CONVERSION = YES;
				CLANG_WARN_NON_LITERAL_NULL_CONVERSION = YES;
				CLANG_WARN_OBJC_IMPLICIT_RETAIN_SELF = YES;
				CLANG_WARN_OBJC_LITERAL_CONVERSION = YES;
				CLANG_WARN_OBJC_ROOT_CLASS = YES_ERROR;
				CLANG_WARN_QUOTED_INCLUDE_IN_FRAMEWORK_HEADER = YES;
				CLANG_WARN_RANGE_LOOP_ANALYSIS = YES;
				CLANG_WARN_STRICT_PROTOTYPES = YES;
				CLANG_WARN_SUSPICIOUS_MOVE = YES;
				CLANG_WARN_UNGUARDED_AVAILABILITY = YES_AGGRESSIVE;
				CLANG_WARN_UNREACHABLE_CODE = YES;
				CLANG_WARN__DUPLICATE_METHOD_MATCH = YES;
				COPY_PHASE_STRIP = NO;
				DEAD_CODE_STRIPPING = YES;
				DEBUG_INFORMATION_FORMAT = "dwarf-with-dsym";
				ENABLE_NS_ASSERTIONS = NO;
				ENABLE_STRICT_OBJC_MSGSEND = YES;
				ENABLE_USER_SCRIPT_SANDBOXING = YES;
				GCC_C_LANGUAGE_STANDARD = gnu17;
				GCC_NO_COMMON_BLOCKS = YES;
				GCC_PREPROCESSOR_DEFINITIONS = "";
				GCC_WARN_64_TO_32_BIT_CONVERSION = YES;
				GCC_WARN_ABOUT_RETURN_TYPE = YES_ERROR;
				GCC_WARN_UNDECLARED_SELECTOR = YES;
				GCC_WARN_UNINITIALIZED_AUTOS = YES_AGGRESSIVE;
				GCC_WARN_UNUSED_FUNCTION = YES;
				GCC_WARN_UNUSED_VARIABLE = YES;
				LOCALIZATION_PREFERS_STRING_CATALOGS = YES;
				MACOSX_DEPLOYMENT_TARGET = 14.2;
				MTL_ENABLE_DEBUG_INFO = NO;
				MTL_FAST_MATH = YES;
				ONLY_ACTIVE_ARCH = YES;
				OTHER_LDFLAGS = "";
				SDKROOT = macosx;
				SYSTEM_HEADER_SEARCH_PATHS = (
					"$(PROJECT_DIR)/glad",
					"$(PROJECT_DIR)/imgui/backends",
					"$(PROJECT_DIR)/imgui",
					/opt/homebrew/include/SDL2,
				);
			};
			name = Release;
		};
		BB8330DE2B6645B300071F38 /* Debug */ = {
			isa = XCBuildConfiguration;
			buildSettings = {
				CODE_SIGN_STYLE = Automatic;
				DEAD_CODE_STRIPPING = YES;
				FRAMEWORK_SEARCH_PATHS = (
					"$(inherited)",
					"$(LOCAL_LIBRARY_DIR)/Frameworks",
				);
				LIBRARY_SEARCH_PATHS = (
					"$(inherited)",
					/opt/homebrew/lib,
					"$(PROJECT_DIR)/lib/OSX",
				);
				PRODUCT_NAME = "$(TARGET_NAME)";
			};
			name = Debug;
		};
		BB8330DF2B6645B300071F38 /* Release */ = {
			isa = XCBuildConfiguration;
			buildSettings = {
				CODE_SIGN_STYLE = Automatic;
				DEAD_CODE_STRIPPING = YES;
				FRAMEWORK_SEARCH_PATHS = (
					"$(inherited)",
					"$(LOCAL_LIBRARY_DIR)/Frameworks",
				);
				LIBRARY_SEARCH_PATHS = (
					"$(inherited)",
					/opt/homebrew/lib,
					"$(PROJECT_DIR)/lib/OSX",
				);
				PRODUCT_NAME = "$(TARGET_NAME)";
			};
			name = Release;
		};
/* End XCBuildConfiguration section */

/* Begin XCConfigurationList section */
		BB8330D12B6645B300071F38 /* Build configuration list for PBXProject "SuperDuperDisplay" */ = {
			isa = XCConfigurationList;
			buildConfigurations = (
				BB8330DB2B6645B300071F38 /* Debug */,
				BB8330DC2B6645B300071F38 /* Release */,
			);
			defaultConfigurationIsVisible = 0;
			defaultConfigurationName = Release;
		};
		BB8330DD2B6645B300071F38 /* Build configuration list for PBXNativeTarget "SuperDuperDisplay" */ = {
			isa = XCConfigurationList;
			buildConfigurations = (
				BB8330DE2B6645B300071F38 /* Debug */,
				BB8330DF2B6645B300071F38 /* Release */,
			);
			defaultConfigurationIsVisible = 0;
			defaultConfigurationName = Release;
		};
/* End XCConfigurationList section */
	};
	rootObject = BB8330CE2B6645B300071F38 /* Project object */;
}
